// !$*UTF8*$!
{
	archiveVersion = 1;
	classes = {
	};
	objectVersion = 46;
	objects = {

/* Begin PBXBuildFile section */
		01087AE41F6041700046838E /* ScreeningDictionary.m in Sources */ = {isa = PBXBuildFile; fileRef = 01087AE31F6041700046838E /* ScreeningDictionary.m */; };
		01100BF821426FA600F179F5 /* PdfReportViewController.m in Sources */ = {isa = PBXBuildFile; fileRef = 01100BF721426FA600F179F5 /* PdfReportViewController.m */; };
		01137E861F7B4E8B002A0A48 /* FollowUpTableVC.m in Sources */ = {isa = PBXBuildFile; fileRef = 01137E851F7B4E8B002A0A48 /* FollowUpTableVC.m */; };
		01137E891F7B6970002A0A48 /* HealthEduFormVC.m in Sources */ = {isa = PBXBuildFile; fileRef = 01137E881F7B6970002A0A48 /* HealthEduFormVC.m */; };
		01137E8D1F7BADA4002A0A48 /* ProfilingTableVC.m in Sources */ = {isa = PBXBuildFile; fileRef = 01137E8C1F7BADA4002A0A48 /* ProfilingTableVC.m */; };
		01137E901F7BAF7B002A0A48 /* ProfilingFormVC.m in Sources */ = {isa = PBXBuildFile; fileRef = 01137E8F1F7BAF7B002A0A48 /* ProfilingFormVC.m */; };
		012630451F8323C000065B1E /* SegmentedCell.xib in Resources */ = {isa = PBXBuildFile; fileRef = 012630441F8323C000065B1E /* SegmentedCell.xib */; };
		013BE6201F83283500E16EFC /* SegmentedCell.m in Sources */ = {isa = PBXBuildFile; fileRef = 013BE61F1F83283500E16EFC /* SegmentedCell.m */; };
		01554A5521431F530059CC08 /* ELCUIApplication.m in Sources */ = {isa = PBXBuildFile; fileRef = 01554A5421431F520059CC08 /* ELCUIApplication.m */; };
		015831401DB4D2F80049F16C /* GenericTableViewCell.m in Sources */ = {isa = PBXBuildFile; fileRef = 0158313E1DB4D2F80049F16C /* GenericTableViewCell.m */; };
		015831411DB4D2F80049F16C /* GenericTableViewCell.xib in Resources */ = {isa = PBXBuildFile; fileRef = 0158313F1DB4D2F80049F16C /* GenericTableViewCell.xib */; };
		015F682A1F4A7F4E000B6D5E /* SeriSubsectionTableVC.m in Sources */ = {isa = PBXBuildFile; fileRef = 015F68291F4A7F4E000B6D5E /* SeriSubsectionTableVC.m */; };
		015F682D1F4A846B000B6D5E /* SeriFormVC.m in Sources */ = {isa = PBXBuildFile; fileRef = 015F682C1F4A846B000B6D5E /* SeriFormVC.m */; };
		015FD7A52163709D0042CC50 /* ResearchConsentFormVC.m in Sources */ = {isa = PBXBuildFile; fileRef = 015FD7A42163709D0042CC50 /* ResearchConsentFormVC.m */; };
		015FD7A821638CA60042CC50 /* AutorefractorImageVC.m in Sources */ = {isa = PBXBuildFile; fileRef = 015FD7A721638CA60042CC50 /* AutorefractorImageVC.m */; };
		0166E05B21534EAA00FC2D02 /* ConsentFormVC.m in Sources */ = {isa = PBXBuildFile; fileRef = 0166E05A21534EAA00FC2D02 /* ConsentFormVC.m */; };
		0166E05E2153509000FC2D02 /* OverlayView.m in Sources */ = {isa = PBXBuildFile; fileRef = 0166E05C2153508F00FC2D02 /* OverlayView.m */; };
		016A27F61F5FDB8F0074C36A /* SearchResultsTableController.m in Sources */ = {isa = PBXBuildFile; fileRef = 016A27F51F5FDB8F0074C36A /* SearchResultsTableController.m */; };
		018B23821F726C810046F9ED /* ReportViewController.m in Sources */ = {isa = PBXBuildFile; fileRef = 018B23811F726C810046F9ED /* ReportViewController.m */; };
		018C04271F3F4A1300582E82 /* NeighbourhoodSelectionVC.m in Sources */ = {isa = PBXBuildFile; fileRef = 018C04261F3F4A1300582E82 /* NeighbourhoodSelectionVC.m */; };
		018D8C3C213E386800B13595 /* FinanceHistAndAssessTableVC.m in Sources */ = {isa = PBXBuildFile; fileRef = 018D8C3B213E386800B13595 /* FinanceHistAndAssessTableVC.m */; };
		018D8C3F213E67AC00B13595 /* SocialHistAssmtTableVC.m in Sources */ = {isa = PBXBuildFile; fileRef = 018D8C3E213E67AC00B13595 /* SocialHistAssmtTableVC.m */; };
		018D8C422140DA0500B13595 /* PsychoHistAssmtTableVC.m in Sources */ = {isa = PBXBuildFile; fileRef = 018D8C412140DA0500B13595 /* PsychoHistAssmtTableVC.m */; };
		018D8C4621417D8D00B13595 /* ResidentProfile.m in Sources */ = {isa = PBXBuildFile; fileRef = 018D8C4521417D8D00B13595 /* ResidentProfile.m */; };
		018D8C4A21425F6D00B13595 /* AdvancedGeriatricsTableVC.m in Sources */ = {isa = PBXBuildFile; fileRef = 018D8C4921425F6D00B13595 /* AdvancedGeriatricsTableVC.m */; };
		018D8C4D2142606100B13595 /* AdvancedGeriatricsFormVC.m in Sources */ = {isa = PBXBuildFile; fileRef = 018D8C4C2142606100B13595 /* AdvancedGeriatricsFormVC.m */; };
		01B893FB1F3DADF900201995 /* DemographicsVC.m in Sources */ = {isa = PBXBuildFile; fileRef = 01B893FA1F3DADF900201995 /* DemographicsVC.m */; };
		01B893FE1F3E05CC00201995 /* PageGuideVC.m in Sources */ = {isa = PBXBuildFile; fileRef = 01B893FD1F3E05CC00201995 /* PageGuideVC.m */; };
		01D48EC11F3327B5002C3928 /* ScreeningSelectProfileTableVC.m in Sources */ = {isa = PBXBuildFile; fileRef = 01D48EC01F3327B5002C3928 /* ScreeningSelectProfileTableVC.m */; };
		01D48EC41F346C36002C3928 /* ResidentParticularsVC.m in Sources */ = {isa = PBXBuildFile; fileRef = 01D48EC31F346C36002C3928 /* ResidentParticularsVC.m */; };
		01D48ECE1F39CD2C002C3928 /* MedicalHistoryTableVC.m in Sources */ = {isa = PBXBuildFile; fileRef = 01D48ECD1F39CD2C002C3928 /* MedicalHistoryTableVC.m */; };
		01D48ED21F3A1839002C3928 /* SocialWorkTableVC.m in Sources */ = {isa = PBXBuildFile; fileRef = 01D48ED11F3A1839002C3928 /* SocialWorkTableVC.m */; };
		01D48ED51F3B5F40002C3928 /* SocialWorkFormVC.m in Sources */ = {isa = PBXBuildFile; fileRef = 01D48ED41F3B5F40002C3928 /* SocialWorkFormVC.m */; };
		01D7BCF11F6D38E2000FDDED /* DeviceInfo.m in Sources */ = {isa = PBXBuildFile; fileRef = 01D7BCF01F6D38E2000FDDED /* DeviceInfo.m */; };
		01F3CC3D1F983C210033ECDE /* PSFUQuestionnaireTableVC.m in Sources */ = {isa = PBXBuildFile; fileRef = 01F3CC3C1F983C210033ECDE /* PSFUQuestionnaireTableVC.m */; };
		01F3CC401F983E3D0033ECDE /* QuestionnaireFormVC.m in Sources */ = {isa = PBXBuildFile; fileRef = 01F3CC3F1F983E3D0033ECDE /* QuestionnaireFormVC.m */; };
		01FF80C11F53AF62002C7ADD /* NewScreeningResidentFormVC.m in Sources */ = {isa = PBXBuildFile; fileRef = 01FF80C01F53AF62002C7ADD /* NewScreeningResidentFormVC.m */; };
		0365AA69F5F64A154E302724 /* AVFoundation.framework in Frameworks */ = {isa = PBXBuildFile; fileRef = 8964BE86125ACEAAC6F8C79B /* AVFoundation.framework */; };
		45E30D748D4D9DB15E36E079 /* Pods_CocoaPods_NHS.framework in Frameworks */ = {isa = PBXBuildFile; fileRef = BBF146E69B77C3775C935F8C /* Pods_CocoaPods_NHS.framework */; };
		4A30721D483BF641740A849C /* CoreMedia.framework in Frameworks */ = {isa = PBXBuildFile; fileRef = 42F8C126868498248C33D2EA /* CoreMedia.framework */; };
		4DB160276775517A6B6C0A75 /* SystemConfiguration.framework in Frameworks */ = {isa = PBXBuildFile; fileRef = D6D48DA6CEA8B44D498464D0 /* SystemConfiguration.framework */; };
		5013E3904F995F40E8442E9D /* CoreVideo.framework in Frameworks */ = {isa = PBXBuildFile; fileRef = BDD52E2A045B91149705069E /* CoreVideo.framework */; };
		6CFD29C7B37E62DFE01501E8 /* AssetsLibrary.framework in Frameworks */ = {isa = PBXBuildFile; fileRef = 5770AFF7723755883767FC00 /* AssetsLibrary.framework */; };
		7178DCB2261E43BF5671CFA5 /* Pods_NHSTests.framework in Frameworks */ = {isa = PBXBuildFile; fileRef = 645A46836680739EAF744E2F /* Pods_NHSTests.framework */; };
		89436BFEDA11D3AAFB7D890D /* QuartzCore.framework in Frameworks */ = {isa = PBXBuildFile; fileRef = 8C7F3F1B0D84D672E6E35103 /* QuartzCore.framework */; };
		8E05C0AB21368D3000B7318E /* DietExerciseHistoryTableVC.m in Sources */ = {isa = PBXBuildFile; fileRef = 8E05C0AA21368D3000B7318E /* DietExerciseHistoryTableVC.m */; };
		8E0852581D6DCCD7006E68FE /* blankScreeningForm.json in Resources */ = {isa = PBXBuildFile; fileRef = 8E0852571D6DCCD7006E68FE /* blankScreeningForm.json */; };
		8E25276A1D5766C400ACEE92 /* HomeViewController.m in Sources */ = {isa = PBXBuildFile; fileRef = 8E2527691D5766C400ACEE92 /* HomeViewController.m */; };
		8EC56F811D60B88D00938C2A /* ScreeningFormViewController.m in Sources */ = {isa = PBXBuildFile; fileRef = 8EC56F801D60B88D00938C2A /* ScreeningFormViewController.m */; };
		8EC56F871D60C16300938C2A /* ScreeningSectionTableViewController.m in Sources */ = {isa = PBXBuildFile; fileRef = 8EC56F861D60C16300938C2A /* ScreeningSectionTableViewController.m */; };
		8EC56F8A1D60CDBB00938C2A /* AppConstants.m in Sources */ = {isa = PBXBuildFile; fileRef = 8EC56F891D60CDBB00938C2A /* AppConstants.m */; };
		B7FF558E02EF2C333752A688 /* CoreTelephony.framework in Frameworks */ = {isa = PBXBuildFile; fileRef = 976D2C7502590B08EE5BAFD4 /* CoreTelephony.framework */; };
		B932B92D80F966731F0F568C /* CoreText.framework in Frameworks */ = {isa = PBXBuildFile; fileRef = 474665EE4826B151279871A1 /* CoreText.framework */; };
		C3C2F30AA2C4B174444C3807 /* Pods_NHSUITests.framework in Frameworks */ = {isa = PBXBuildFile; fileRef = 209345AB6DD8B9F1E078D209 /* Pods_NHSUITests.framework */; };
		DB769014230EC73600E20A19 /* ResearchConsent.pdf in Resources */ = {isa = PBXBuildFile; fileRef = DB769013230EC73500E20A19 /* ResearchConsent.pdf */; };
		DB7690162310492B00E20A19 /* ScreeningConsent.pdf in Resources */ = {isa = PBXBuildFile; fileRef = DB7690152310492B00E20A19 /* ScreeningConsent.pdf */; };
		DB7690192315711700E20A19 /* ResearchSignatureVC.m in Sources */ = {isa = PBXBuildFile; fileRef = DB7690182315711700E20A19 /* ResearchSignatureVC.m */; };
		DBB7B9FD230DA3B60059574F /* UviSignatureView.m in Sources */ = {isa = PBXBuildFile; fileRef = DBB7B9FB230DA3B60059574F /* UviSignatureView.m */; };
		DBB7BA02230DA3C40059574F /* CaptureSignatureVC.m in Sources */ = {isa = PBXBuildFile; fileRef = DBB7B9FE230DA3C30059574F /* CaptureSignatureVC.m */; };
		DBB7BA03230DA3C40059574F /* ViewSignatureVC.m in Sources */ = {isa = PBXBuildFile; fileRef = DBB7BA01230DA3C40059574F /* ViewSignatureVC.m */; };
		E110035A2137BCA10074034E /* BasicGeriatricTableVC.m in Sources */ = {isa = PBXBuildFile; fileRef = E11003592137BCA10074034E /* BasicGeriatricTableVC.m */; };
		E120E4081D431E9B002DBC7E /* main.m in Sources */ = {isa = PBXBuildFile; fileRef = E120E4071D431E9B002DBC7E /* main.m */; };
		E120E40B1D431E9B002DBC7E /* AppDelegate.m in Sources */ = {isa = PBXBuildFile; fileRef = E120E40A1D431E9B002DBC7E /* AppDelegate.m */; };
		E120E4111D431E9B002DBC7E /* Main.storyboard in Resources */ = {isa = PBXBuildFile; fileRef = E120E40F1D431E9B002DBC7E /* Main.storyboard */; };
		E120E4161D431E9B002DBC7E /* LaunchScreen.storyboard in Resources */ = {isa = PBXBuildFile; fileRef = E120E4141D431E9B002DBC7E /* LaunchScreen.storyboard */; };
		E120E4211D431E9B002DBC7E /* NHSTests.m in Sources */ = {isa = PBXBuildFile; fileRef = E120E4201D431E9B002DBC7E /* NHSTests.m */; };
		E120E42C1D431E9B002DBC7E /* NHSUITests.m in Sources */ = {isa = PBXBuildFile; fileRef = E120E42B1D431E9B002DBC7E /* NHSUITests.m */; };
		E13B8F0B1D66F62900C3A81D /* UIScrollViewWithTouchesBegan.m in Sources */ = {isa = PBXBuildFile; fileRef = E13B8F0A1D66F62900C3A81D /* UIScrollViewWithTouchesBegan.m */; };
		E16C41DB213781AD00E05419 /* CancerScreeningEligibAssessTableVC.m in Sources */ = {isa = PBXBuildFile; fileRef = E16C41DA213781AD00E05419 /* CancerScreeningEligibAssessTableVC.m */; };
		E1A4F0DC1D61CB8A00EE9BBB /* Reachability.m in Sources */ = {isa = PBXBuildFile; fileRef = E1A4F0DB1D61CB8A00EE9BBB /* Reachability.m */; };
		E1A4F0DF1D66BC5A00EE9BBB /* LoginViewController.m in Sources */ = {isa = PBXBuildFile; fileRef = E1A4F0DE1D66BC5A00EE9BBB /* LoginViewController.m */; };
		E1A4F0E11D66BE2000EE9BBB /* Assets.xcassets in Resources */ = {isa = PBXBuildFile; fileRef = E1A4F0E01D66BE2000EE9BBB /* Assets.xcassets */; };
		E1EFB0931D433C3400510532 /* PatientScreeningListTableViewController.m in Sources */ = {isa = PBXBuildFile; fileRef = E1EFB0921D433C3400510532 /* PatientScreeningListTableViewController.m */; };
		E1FCF9321D45B77F00478F7B /* ServerComm.m in Sources */ = {isa = PBXBuildFile; fileRef = E1FCF9311D45B77F00478F7B /* ServerComm.m */; };
/* End PBXBuildFile section */

/* Begin PBXContainerItemProxy section */
		E120E41D1D431E9B002DBC7E /* PBXContainerItemProxy */ = {
			isa = PBXContainerItemProxy;
			containerPortal = E120E3FB1D431E9A002DBC7E /* Project object */;
			proxyType = 1;
			remoteGlobalIDString = E120E4021D431E9A002DBC7E;
			remoteInfo = NHS;
		};
		E120E4281D431E9B002DBC7E /* PBXContainerItemProxy */ = {
			isa = PBXContainerItemProxy;
			containerPortal = E120E3FB1D431E9A002DBC7E /* Project object */;
			proxyType = 1;
			remoteGlobalIDString = E120E4021D431E9A002DBC7E;
			remoteInfo = NHS;
		};
/* End PBXContainerItemProxy section */

/* Begin PBXFileReference section */
		01087AE21F6041700046838E /* ScreeningDictionary.h */ = {isa = PBXFileReference; fileEncoding = 4; lastKnownFileType = sourcecode.c.h; path = ScreeningDictionary.h; sourceTree = "<group>"; };
		01087AE31F6041700046838E /* ScreeningDictionary.m */ = {isa = PBXFileReference; fileEncoding = 4; lastKnownFileType = sourcecode.c.objc; path = ScreeningDictionary.m; sourceTree = "<group>"; };
		01100BF621426FA600F179F5 /* PdfReportViewController.h */ = {isa = PBXFileReference; lastKnownFileType = sourcecode.c.h; name = PdfReportViewController.h; path = "Follow Up/PdfReportViewController.h"; sourceTree = "<group>"; };
		01100BF721426FA600F179F5 /* PdfReportViewController.m */ = {isa = PBXFileReference; lastKnownFileType = sourcecode.c.objc; name = PdfReportViewController.m; path = "Follow Up/PdfReportViewController.m"; sourceTree = "<group>"; };
		01137E841F7B4E8B002A0A48 /* FollowUpTableVC.h */ = {isa = PBXFileReference; lastKnownFileType = sourcecode.c.h; path = FollowUpTableVC.h; sourceTree = "<group>"; };
		01137E851F7B4E8B002A0A48 /* FollowUpTableVC.m */ = {isa = PBXFileReference; lastKnownFileType = sourcecode.c.objc; path = FollowUpTableVC.m; sourceTree = "<group>"; };
		01137E871F7B6970002A0A48 /* HealthEduFormVC.h */ = {isa = PBXFileReference; lastKnownFileType = sourcecode.c.h; path = HealthEduFormVC.h; sourceTree = "<group>"; };
		01137E881F7B6970002A0A48 /* HealthEduFormVC.m */ = {isa = PBXFileReference; lastKnownFileType = sourcecode.c.objc; path = HealthEduFormVC.m; sourceTree = "<group>"; };
		01137E8B1F7BADA4002A0A48 /* ProfilingTableVC.h */ = {isa = PBXFileReference; lastKnownFileType = sourcecode.c.h; path = ProfilingTableVC.h; sourceTree = "<group>"; };
		01137E8C1F7BADA4002A0A48 /* ProfilingTableVC.m */ = {isa = PBXFileReference; lastKnownFileType = sourcecode.c.objc; path = ProfilingTableVC.m; sourceTree = "<group>"; };
		01137E8E1F7BAF7B002A0A48 /* ProfilingFormVC.h */ = {isa = PBXFileReference; lastKnownFileType = sourcecode.c.h; path = ProfilingFormVC.h; sourceTree = "<group>"; };
		01137E8F1F7BAF7B002A0A48 /* ProfilingFormVC.m */ = {isa = PBXFileReference; lastKnownFileType = sourcecode.c.objc; path = ProfilingFormVC.m; sourceTree = "<group>"; };
		012630441F8323C000065B1E /* SegmentedCell.xib */ = {isa = PBXFileReference; lastKnownFileType = file.xib; name = SegmentedCell.xib; path = Models/CustomUITableViewCell/SegmentedCell.xib; sourceTree = "<group>"; };
		013BE61E1F83283500E16EFC /* SegmentedCell.h */ = {isa = PBXFileReference; lastKnownFileType = sourcecode.c.h; name = SegmentedCell.h; path = Models/SegmentedCell.h; sourceTree = "<group>"; };
		013BE61F1F83283500E16EFC /* SegmentedCell.m */ = {isa = PBXFileReference; lastKnownFileType = sourcecode.c.objc; name = SegmentedCell.m; path = Models/SegmentedCell.m; sourceTree = "<group>"; };
		01554A5321431F520059CC08 /* ELCUIApplication.h */ = {isa = PBXFileReference; fileEncoding = 4; lastKnownFileType = sourcecode.c.h; path = ELCUIApplication.h; sourceTree = "<group>"; };
		01554A5421431F520059CC08 /* ELCUIApplication.m */ = {isa = PBXFileReference; fileEncoding = 4; lastKnownFileType = sourcecode.c.objc; path = ELCUIApplication.m; sourceTree = "<group>"; };
		0158313D1DB4D2F80049F16C /* GenericTableViewCell.h */ = {isa = PBXFileReference; fileEncoding = 4; lastKnownFileType = sourcecode.c.h; name = GenericTableViewCell.h; path = Models/GenericTableViewCell.h; sourceTree = "<group>"; };
		0158313E1DB4D2F80049F16C /* GenericTableViewCell.m */ = {isa = PBXFileReference; fileEncoding = 4; lastKnownFileType = sourcecode.c.objc; name = GenericTableViewCell.m; path = Models/GenericTableViewCell.m; sourceTree = "<group>"; };
		0158313F1DB4D2F80049F16C /* GenericTableViewCell.xib */ = {isa = PBXFileReference; fileEncoding = 4; lastKnownFileType = file.xib; name = GenericTableViewCell.xib; path = Models/GenericTableViewCell.xib; sourceTree = "<group>"; };
		015F68281F4A7F4E000B6D5E /* SeriSubsectionTableVC.h */ = {isa = PBXFileReference; fileEncoding = 4; lastKnownFileType = sourcecode.c.h; path = SeriSubsectionTableVC.h; sourceTree = "<group>"; };
		015F68291F4A7F4E000B6D5E /* SeriSubsectionTableVC.m */ = {isa = PBXFileReference; fileEncoding = 4; lastKnownFileType = sourcecode.c.objc; path = SeriSubsectionTableVC.m; sourceTree = "<group>"; };
		015F682B1F4A846B000B6D5E /* SeriFormVC.h */ = {isa = PBXFileReference; fileEncoding = 4; lastKnownFileType = sourcecode.c.h; path = SeriFormVC.h; sourceTree = "<group>"; };
		015F682C1F4A846B000B6D5E /* SeriFormVC.m */ = {isa = PBXFileReference; fileEncoding = 4; lastKnownFileType = sourcecode.c.objc; path = SeriFormVC.m; sourceTree = "<group>"; };
		015FD7A32163709D0042CC50 /* ResearchConsentFormVC.h */ = {isa = PBXFileReference; lastKnownFileType = sourcecode.c.h; path = ResearchConsentFormVC.h; sourceTree = "<group>"; };
		015FD7A42163709D0042CC50 /* ResearchConsentFormVC.m */ = {isa = PBXFileReference; lastKnownFileType = sourcecode.c.objc; path = ResearchConsentFormVC.m; sourceTree = "<group>"; };
		015FD7A621638CA60042CC50 /* AutorefractorImageVC.h */ = {isa = PBXFileReference; lastKnownFileType = sourcecode.c.h; path = AutorefractorImageVC.h; sourceTree = "<group>"; };
		015FD7A721638CA60042CC50 /* AutorefractorImageVC.m */ = {isa = PBXFileReference; lastKnownFileType = sourcecode.c.objc; path = AutorefractorImageVC.m; sourceTree = "<group>"; };
		0166E05921534EAA00FC2D02 /* ConsentFormVC.h */ = {isa = PBXFileReference; lastKnownFileType = sourcecode.c.h; path = ConsentFormVC.h; sourceTree = "<group>"; };
		0166E05A21534EAA00FC2D02 /* ConsentFormVC.m */ = {isa = PBXFileReference; lastKnownFileType = sourcecode.c.objc; path = ConsentFormVC.m; sourceTree = "<group>"; };
		0166E05C2153508F00FC2D02 /* OverlayView.m */ = {isa = PBXFileReference; fileEncoding = 4; lastKnownFileType = sourcecode.c.objc; name = OverlayView.m; path = Models/OverlayView.m; sourceTree = "<group>"; };
		0166E05D2153509000FC2D02 /* OverlayView.h */ = {isa = PBXFileReference; fileEncoding = 4; lastKnownFileType = sourcecode.c.h; name = OverlayView.h; path = Models/OverlayView.h; sourceTree = "<group>"; };
		016A27F41F5FDB8F0074C36A /* SearchResultsTableController.h */ = {isa = PBXFileReference; fileEncoding = 4; lastKnownFileType = sourcecode.c.h; path = SearchResultsTableController.h; sourceTree = "<group>"; };
		016A27F51F5FDB8F0074C36A /* SearchResultsTableController.m */ = {isa = PBXFileReference; fileEncoding = 4; lastKnownFileType = sourcecode.c.objc; path = SearchResultsTableController.m; sourceTree = "<group>"; };
		018B23801F726C810046F9ED /* ReportViewController.h */ = {isa = PBXFileReference; lastKnownFileType = sourcecode.c.h; path = ReportViewController.h; sourceTree = "<group>"; };
		018B23811F726C810046F9ED /* ReportViewController.m */ = {isa = PBXFileReference; lastKnownFileType = sourcecode.c.objc; path = ReportViewController.m; sourceTree = "<group>"; };
		018C04251F3F4A1300582E82 /* NeighbourhoodSelectionVC.h */ = {isa = PBXFileReference; fileEncoding = 4; lastKnownFileType = sourcecode.c.h; path = NeighbourhoodSelectionVC.h; sourceTree = "<group>"; };
		018C04261F3F4A1300582E82 /* NeighbourhoodSelectionVC.m */ = {isa = PBXFileReference; fileEncoding = 4; lastKnownFileType = sourcecode.c.objc; path = NeighbourhoodSelectionVC.m; sourceTree = "<group>"; };
		018D8C3A213E386800B13595 /* FinanceHistAndAssessTableVC.h */ = {isa = PBXFileReference; lastKnownFileType = sourcecode.c.h; path = FinanceHistAndAssessTableVC.h; sourceTree = "<group>"; };
		018D8C3B213E386800B13595 /* FinanceHistAndAssessTableVC.m */ = {isa = PBXFileReference; lastKnownFileType = sourcecode.c.objc; path = FinanceHistAndAssessTableVC.m; sourceTree = "<group>"; };
		018D8C3D213E67AC00B13595 /* SocialHistAssmtTableVC.h */ = {isa = PBXFileReference; lastKnownFileType = sourcecode.c.h; path = SocialHistAssmtTableVC.h; sourceTree = "<group>"; };
		018D8C3E213E67AC00B13595 /* SocialHistAssmtTableVC.m */ = {isa = PBXFileReference; lastKnownFileType = sourcecode.c.objc; path = SocialHistAssmtTableVC.m; sourceTree = "<group>"; };
		018D8C402140DA0500B13595 /* PsychoHistAssmtTableVC.h */ = {isa = PBXFileReference; lastKnownFileType = sourcecode.c.h; path = PsychoHistAssmtTableVC.h; sourceTree = "<group>"; };
		018D8C412140DA0500B13595 /* PsychoHistAssmtTableVC.m */ = {isa = PBXFileReference; lastKnownFileType = sourcecode.c.objc; path = PsychoHistAssmtTableVC.m; sourceTree = "<group>"; };
		018D8C4421417D8D00B13595 /* ResidentProfile.h */ = {isa = PBXFileReference; lastKnownFileType = sourcecode.c.h; path = ResidentProfile.h; sourceTree = "<group>"; };
		018D8C4521417D8D00B13595 /* ResidentProfile.m */ = {isa = PBXFileReference; lastKnownFileType = sourcecode.c.objc; path = ResidentProfile.m; sourceTree = "<group>"; };
		018D8C4821425F6D00B13595 /* AdvancedGeriatricsTableVC.h */ = {isa = PBXFileReference; lastKnownFileType = sourcecode.c.h; path = AdvancedGeriatricsTableVC.h; sourceTree = "<group>"; };
		018D8C4921425F6D00B13595 /* AdvancedGeriatricsTableVC.m */ = {isa = PBXFileReference; lastKnownFileType = sourcecode.c.objc; path = AdvancedGeriatricsTableVC.m; sourceTree = "<group>"; };
		018D8C4B2142606100B13595 /* AdvancedGeriatricsFormVC.h */ = {isa = PBXFileReference; lastKnownFileType = sourcecode.c.h; path = AdvancedGeriatricsFormVC.h; sourceTree = "<group>"; };
		018D8C4C2142606100B13595 /* AdvancedGeriatricsFormVC.m */ = {isa = PBXFileReference; lastKnownFileType = sourcecode.c.objc; path = AdvancedGeriatricsFormVC.m; sourceTree = "<group>"; };
		01B893F91F3DADF900201995 /* DemographicsVC.h */ = {isa = PBXFileReference; fileEncoding = 4; lastKnownFileType = sourcecode.c.h; path = DemographicsVC.h; sourceTree = "<group>"; };
		01B893FA1F3DADF900201995 /* DemographicsVC.m */ = {isa = PBXFileReference; fileEncoding = 4; lastKnownFileType = sourcecode.c.objc; path = DemographicsVC.m; sourceTree = "<group>"; };
		01B893FC1F3E05CC00201995 /* PageGuideVC.h */ = {isa = PBXFileReference; fileEncoding = 4; lastKnownFileType = sourcecode.c.h; path = PageGuideVC.h; sourceTree = "<group>"; };
		01B893FD1F3E05CC00201995 /* PageGuideVC.m */ = {isa = PBXFileReference; fileEncoding = 4; lastKnownFileType = sourcecode.c.objc; path = PageGuideVC.m; sourceTree = "<group>"; };
		01D48EBF1F3327B5002C3928 /* ScreeningSelectProfileTableVC.h */ = {isa = PBXFileReference; fileEncoding = 4; lastKnownFileType = sourcecode.c.h; path = ScreeningSelectProfileTableVC.h; sourceTree = "<group>"; };
		01D48EC01F3327B5002C3928 /* ScreeningSelectProfileTableVC.m */ = {isa = PBXFileReference; fileEncoding = 4; lastKnownFileType = sourcecode.c.objc; path = ScreeningSelectProfileTableVC.m; sourceTree = "<group>"; };
		01D48EC21F346C36002C3928 /* ResidentParticularsVC.h */ = {isa = PBXFileReference; fileEncoding = 4; lastKnownFileType = sourcecode.c.h; path = ResidentParticularsVC.h; sourceTree = "<group>"; };
		01D48EC31F346C36002C3928 /* ResidentParticularsVC.m */ = {isa = PBXFileReference; fileEncoding = 4; lastKnownFileType = sourcecode.c.objc; path = ResidentParticularsVC.m; sourceTree = "<group>"; };
		01D48ECC1F39CD2C002C3928 /* MedicalHistoryTableVC.h */ = {isa = PBXFileReference; fileEncoding = 4; lastKnownFileType = sourcecode.c.h; path = MedicalHistoryTableVC.h; sourceTree = "<group>"; };
		01D48ECD1F39CD2C002C3928 /* MedicalHistoryTableVC.m */ = {isa = PBXFileReference; fileEncoding = 4; lastKnownFileType = sourcecode.c.objc; path = MedicalHistoryTableVC.m; sourceTree = "<group>"; };
		01D48ED01F3A1839002C3928 /* SocialWorkTableVC.h */ = {isa = PBXFileReference; fileEncoding = 4; lastKnownFileType = sourcecode.c.h; path = SocialWorkTableVC.h; sourceTree = "<group>"; };
		01D48ED11F3A1839002C3928 /* SocialWorkTableVC.m */ = {isa = PBXFileReference; fileEncoding = 4; lastKnownFileType = sourcecode.c.objc; path = SocialWorkTableVC.m; sourceTree = "<group>"; };
		01D48ED31F3B5F40002C3928 /* SocialWorkFormVC.h */ = {isa = PBXFileReference; fileEncoding = 4; lastKnownFileType = sourcecode.c.h; path = SocialWorkFormVC.h; sourceTree = "<group>"; };
		01D48ED41F3B5F40002C3928 /* SocialWorkFormVC.m */ = {isa = PBXFileReference; fileEncoding = 4; lastKnownFileType = sourcecode.c.objc; path = SocialWorkFormVC.m; sourceTree = "<group>"; };
		01D7BCEF1F6D38E2000FDDED /* DeviceInfo.h */ = {isa = PBXFileReference; lastKnownFileType = sourcecode.c.h; name = DeviceInfo.h; path = Models/DeviceInfo.h; sourceTree = "<group>"; };
		01D7BCF01F6D38E2000FDDED /* DeviceInfo.m */ = {isa = PBXFileReference; lastKnownFileType = sourcecode.c.objc; name = DeviceInfo.m; path = Models/DeviceInfo.m; sourceTree = "<group>"; };
		01F3CC3B1F983C210033ECDE /* PSFUQuestionnaireTableVC.h */ = {isa = PBXFileReference; lastKnownFileType = sourcecode.c.h; name = PSFUQuestionnaireTableVC.h; path = "Follow Up/PSFUQuestionnaireTableVC.h"; sourceTree = "<group>"; };
		01F3CC3C1F983C210033ECDE /* PSFUQuestionnaireTableVC.m */ = {isa = PBXFileReference; lastKnownFileType = sourcecode.c.objc; name = PSFUQuestionnaireTableVC.m; path = "Follow Up/PSFUQuestionnaireTableVC.m"; sourceTree = "<group>"; };
		01F3CC3E1F983E3D0033ECDE /* QuestionnaireFormVC.h */ = {isa = PBXFileReference; lastKnownFileType = sourcecode.c.h; name = QuestionnaireFormVC.h; path = "Follow Up/QuestionnaireFormVC.h"; sourceTree = "<group>"; };
		01F3CC3F1F983E3D0033ECDE /* QuestionnaireFormVC.m */ = {isa = PBXFileReference; lastKnownFileType = sourcecode.c.objc; name = QuestionnaireFormVC.m; path = "Follow Up/QuestionnaireFormVC.m"; sourceTree = "<group>"; };
		01FF80BF1F53AF62002C7ADD /* NewScreeningResidentFormVC.h */ = {isa = PBXFileReference; fileEncoding = 4; lastKnownFileType = sourcecode.c.h; path = NewScreeningResidentFormVC.h; sourceTree = "<group>"; };
		01FF80C01F53AF62002C7ADD /* NewScreeningResidentFormVC.m */ = {isa = PBXFileReference; fileEncoding = 4; lastKnownFileType = sourcecode.c.objc; path = NewScreeningResidentFormVC.m; sourceTree = "<group>"; };
		15C05F16B9AA0D95A6AE2EAA /* Pods-CocoaPods-NHS.debug.xcconfig */ = {isa = PBXFileReference; includeInIndex = 1; lastKnownFileType = text.xcconfig; name = "Pods-CocoaPods-NHS.debug.xcconfig"; path = "Pods/Target Support Files/Pods-CocoaPods-NHS/Pods-CocoaPods-NHS.debug.xcconfig"; sourceTree = "<group>"; };
		209345AB6DD8B9F1E078D209 /* Pods_NHSUITests.framework */ = {isa = PBXFileReference; explicitFileType = wrapper.framework; includeInIndex = 0; path = Pods_NHSUITests.framework; sourceTree = BUILT_PRODUCTS_DIR; };
		32CF155AD7EB396F62BB8DC1 /* Pods-CocoaPods-NHS.release.xcconfig */ = {isa = PBXFileReference; includeInIndex = 1; lastKnownFileType = text.xcconfig; name = "Pods-CocoaPods-NHS.release.xcconfig"; path = "Pods/Target Support Files/Pods-CocoaPods-NHS/Pods-CocoaPods-NHS.release.xcconfig"; sourceTree = "<group>"; };
		3D3B5270F7652DCD47BE1008 /* Pods-NHSTests.release.xcconfig */ = {isa = PBXFileReference; includeInIndex = 1; lastKnownFileType = text.xcconfig; name = "Pods-NHSTests.release.xcconfig"; path = "Pods/Target Support Files/Pods-NHSTests/Pods-NHSTests.release.xcconfig"; sourceTree = "<group>"; };
		42F8C126868498248C33D2EA /* CoreMedia.framework */ = {isa = PBXFileReference; lastKnownFileType = wrapper.framework; name = CoreMedia.framework; path = System/Library/Frameworks/CoreMedia.framework; sourceTree = SDKROOT; };
		46E041C7C0BB3C7FF9496A21 /* Pods-NHSTests.debug.xcconfig */ = {isa = PBXFileReference; includeInIndex = 1; lastKnownFileType = text.xcconfig; name = "Pods-NHSTests.debug.xcconfig"; path = "Pods/Target Support Files/Pods-NHSTests/Pods-NHSTests.debug.xcconfig"; sourceTree = "<group>"; };
		474665EE4826B151279871A1 /* CoreText.framework */ = {isa = PBXFileReference; lastKnownFileType = wrapper.framework; name = CoreText.framework; path = System/Library/Frameworks/CoreText.framework; sourceTree = SDKROOT; };
		4D09CFA97E8A9CD583C600DF /* Pods-NHSUITests.debug.xcconfig */ = {isa = PBXFileReference; includeInIndex = 1; lastKnownFileType = text.xcconfig; name = "Pods-NHSUITests.debug.xcconfig"; path = "Pods/Target Support Files/Pods-NHSUITests/Pods-NHSUITests.debug.xcconfig"; sourceTree = "<group>"; };
		5770AFF7723755883767FC00 /* AssetsLibrary.framework */ = {isa = PBXFileReference; lastKnownFileType = wrapper.framework; name = AssetsLibrary.framework; path = System/Library/Frameworks/AssetsLibrary.framework; sourceTree = SDKROOT; };
		645A46836680739EAF744E2F /* Pods_NHSTests.framework */ = {isa = PBXFileReference; explicitFileType = wrapper.framework; includeInIndex = 0; path = Pods_NHSTests.framework; sourceTree = BUILT_PRODUCTS_DIR; };
		8964BE86125ACEAAC6F8C79B /* AVFoundation.framework */ = {isa = PBXFileReference; lastKnownFileType = wrapper.framework; name = AVFoundation.framework; path = System/Library/Frameworks/AVFoundation.framework; sourceTree = SDKROOT; };
		8C7F3F1B0D84D672E6E35103 /* QuartzCore.framework */ = {isa = PBXFileReference; lastKnownFileType = wrapper.framework; name = QuartzCore.framework; path = System/Library/Frameworks/QuartzCore.framework; sourceTree = SDKROOT; };
		8E05C0A921368D3000B7318E /* DietExerciseHistoryTableVC.h */ = {isa = PBXFileReference; fileEncoding = 4; lastKnownFileType = sourcecode.c.h; path = DietExerciseHistoryTableVC.h; sourceTree = "<group>"; };
		8E05C0AA21368D3000B7318E /* DietExerciseHistoryTableVC.m */ = {isa = PBXFileReference; fileEncoding = 4; lastKnownFileType = sourcecode.c.objc; path = DietExerciseHistoryTableVC.m; sourceTree = "<group>"; };
		8E0852571D6DCCD7006E68FE /* blankScreeningForm.json */ = {isa = PBXFileReference; fileEncoding = 4; lastKnownFileType = text.json; path = blankScreeningForm.json; sourceTree = "<group>"; };
		8E2527681D5766C400ACEE92 /* HomeViewController.h */ = {isa = PBXFileReference; fileEncoding = 4; lastKnownFileType = sourcecode.c.h; path = HomeViewController.h; sourceTree = "<group>"; };
		8E2527691D5766C400ACEE92 /* HomeViewController.m */ = {isa = PBXFileReference; fileEncoding = 4; lastKnownFileType = sourcecode.c.objc; path = HomeViewController.m; sourceTree = "<group>"; };
		8EC56F7F1D60B88D00938C2A /* ScreeningFormViewController.h */ = {isa = PBXFileReference; fileEncoding = 4; lastKnownFileType = sourcecode.c.h; path = ScreeningFormViewController.h; sourceTree = "<group>"; };
		8EC56F801D60B88D00938C2A /* ScreeningFormViewController.m */ = {isa = PBXFileReference; fileEncoding = 4; lastKnownFileType = sourcecode.c.objc; path = ScreeningFormViewController.m; sourceTree = "<group>"; };
		8EC56F851D60C16300938C2A /* ScreeningSectionTableViewController.h */ = {isa = PBXFileReference; fileEncoding = 4; lastKnownFileType = sourcecode.c.h; path = ScreeningSectionTableViewController.h; sourceTree = "<group>"; };
		8EC56F861D60C16300938C2A /* ScreeningSectionTableViewController.m */ = {isa = PBXFileReference; fileEncoding = 4; lastKnownFileType = sourcecode.c.objc; path = ScreeningSectionTableViewController.m; sourceTree = "<group>"; };
		8EC56F881D60CDBB00938C2A /* AppConstants.h */ = {isa = PBXFileReference; fileEncoding = 4; lastKnownFileType = sourcecode.c.h; path = AppConstants.h; sourceTree = "<group>"; };
		8EC56F891D60CDBB00938C2A /* AppConstants.m */ = {isa = PBXFileReference; fileEncoding = 4; lastKnownFileType = sourcecode.c.objc; path = AppConstants.m; sourceTree = "<group>"; };
		976D2C7502590B08EE5BAFD4 /* CoreTelephony.framework */ = {isa = PBXFileReference; lastKnownFileType = wrapper.framework; name = CoreTelephony.framework; path = System/Library/Frameworks/CoreTelephony.framework; sourceTree = SDKROOT; };
		BBF146E69B77C3775C935F8C /* Pods_CocoaPods_NHS.framework */ = {isa = PBXFileReference; explicitFileType = wrapper.framework; includeInIndex = 0; path = Pods_CocoaPods_NHS.framework; sourceTree = BUILT_PRODUCTS_DIR; };
		BDD52E2A045B91149705069E /* CoreVideo.framework */ = {isa = PBXFileReference; lastKnownFileType = wrapper.framework; name = CoreVideo.framework; path = System/Library/Frameworks/CoreVideo.framework; sourceTree = SDKROOT; };
		D4C8AA7ED6BECF1390F4A15E /* Pods-NHSUITests.release.xcconfig */ = {isa = PBXFileReference; includeInIndex = 1; lastKnownFileType = text.xcconfig; name = "Pods-NHSUITests.release.xcconfig"; path = "Pods/Target Support Files/Pods-NHSUITests/Pods-NHSUITests.release.xcconfig"; sourceTree = "<group>"; };
		D6D48DA6CEA8B44D498464D0 /* SystemConfiguration.framework */ = {isa = PBXFileReference; lastKnownFileType = wrapper.framework; name = SystemConfiguration.framework; path = System/Library/Frameworks/SystemConfiguration.framework; sourceTree = SDKROOT; };
		DB769013230EC73500E20A19 /* ResearchConsent.pdf */ = {isa = PBXFileReference; lastKnownFileType = image.pdf; path = ResearchConsent.pdf; sourceTree = "<group>"; };
		DB7690152310492B00E20A19 /* ScreeningConsent.pdf */ = {isa = PBXFileReference; lastKnownFileType = image.pdf; path = ScreeningConsent.pdf; sourceTree = "<group>"; };
		DB7690172315711700E20A19 /* ResearchSignatureVC.h */ = {isa = PBXFileReference; lastKnownFileType = sourcecode.c.h; path = ResearchSignatureVC.h; sourceTree = "<group>"; };
		DB7690182315711700E20A19 /* ResearchSignatureVC.m */ = {isa = PBXFileReference; lastKnownFileType = sourcecode.c.objc; path = ResearchSignatureVC.m; sourceTree = "<group>"; };
		DBB7B9FB230DA3B60059574F /* UviSignatureView.m */ = {isa = PBXFileReference; fileEncoding = 4; lastKnownFileType = sourcecode.c.objc; name = UviSignatureView.m; path = Models/UviSignatureView/UviSignatureView.m; sourceTree = "<group>"; };
		DBB7B9FC230DA3B60059574F /* UviSignatureView.h */ = {isa = PBXFileReference; fileEncoding = 4; lastKnownFileType = sourcecode.c.h; name = UviSignatureView.h; path = Models/UviSignatureView/UviSignatureView.h; sourceTree = "<group>"; };
		DBB7B9FE230DA3C30059574F /* CaptureSignatureVC.m */ = {isa = PBXFileReference; fileEncoding = 4; lastKnownFileType = sourcecode.c.objc; path = CaptureSignatureVC.m; sourceTree = "<group>"; };
		DBB7B9FF230DA3C30059574F /* ViewSignatureVC.h */ = {isa = PBXFileReference; fileEncoding = 4; lastKnownFileType = sourcecode.c.h; path = ViewSignatureVC.h; sourceTree = "<group>"; };
		DBB7BA00230DA3C40059574F /* CaptureSignatureVC.h */ = {isa = PBXFileReference; fileEncoding = 4; lastKnownFileType = sourcecode.c.h; path = CaptureSignatureVC.h; sourceTree = "<group>"; };
		DBB7BA01230DA3C40059574F /* ViewSignatureVC.m */ = {isa = PBXFileReference; fileEncoding = 4; lastKnownFileType = sourcecode.c.objc; path = ViewSignatureVC.m; sourceTree = "<group>"; };
		E11003582137BCA10074034E /* BasicGeriatricTableVC.h */ = {isa = PBXFileReference; lastKnownFileType = sourcecode.c.h; path = BasicGeriatricTableVC.h; sourceTree = "<group>"; };
		E11003592137BCA10074034E /* BasicGeriatricTableVC.m */ = {isa = PBXFileReference; lastKnownFileType = sourcecode.c.objc; path = BasicGeriatricTableVC.m; sourceTree = "<group>"; };
		E120E4031D431E9A002DBC7E /* NHS.app */ = {isa = PBXFileReference; explicitFileType = wrapper.application; includeInIndex = 0; path = NHS.app; sourceTree = BUILT_PRODUCTS_DIR; };
		E120E4071D431E9B002DBC7E /* main.m */ = {isa = PBXFileReference; lastKnownFileType = sourcecode.c.objc; path = main.m; sourceTree = "<group>"; };
		E120E4091D431E9B002DBC7E /* AppDelegate.h */ = {isa = PBXFileReference; lastKnownFileType = sourcecode.c.h; path = AppDelegate.h; sourceTree = "<group>"; };
		E120E40A1D431E9B002DBC7E /* AppDelegate.m */ = {isa = PBXFileReference; lastKnownFileType = sourcecode.c.objc; path = AppDelegate.m; sourceTree = "<group>"; };
		E120E4101D431E9B002DBC7E /* Base */ = {isa = PBXFileReference; lastKnownFileType = file.storyboard; name = Base; path = Base.lproj/Main.storyboard; sourceTree = "<group>"; };
		E120E4151D431E9B002DBC7E /* Base */ = {isa = PBXFileReference; lastKnownFileType = file.storyboard; name = Base; path = Base.lproj/LaunchScreen.storyboard; sourceTree = "<group>"; };
		E120E4171D431E9B002DBC7E /* Info.plist */ = {isa = PBXFileReference; lastKnownFileType = text.plist.xml; path = Info.plist; sourceTree = "<group>"; };
		E120E41C1D431E9B002DBC7E /* NHSTests.xctest */ = {isa = PBXFileReference; explicitFileType = wrapper.cfbundle; includeInIndex = 0; path = NHSTests.xctest; sourceTree = BUILT_PRODUCTS_DIR; };
		E120E4201D431E9B002DBC7E /* NHSTests.m */ = {isa = PBXFileReference; lastKnownFileType = sourcecode.c.objc; path = NHSTests.m; sourceTree = "<group>"; };
		E120E4221D431E9B002DBC7E /* Info.plist */ = {isa = PBXFileReference; lastKnownFileType = text.plist.xml; path = Info.plist; sourceTree = "<group>"; };
		E120E4271D431E9B002DBC7E /* NHSUITests.xctest */ = {isa = PBXFileReference; explicitFileType = wrapper.cfbundle; includeInIndex = 0; path = NHSUITests.xctest; sourceTree = BUILT_PRODUCTS_DIR; };
		E120E42B1D431E9B002DBC7E /* NHSUITests.m */ = {isa = PBXFileReference; lastKnownFileType = sourcecode.c.objc; path = NHSUITests.m; sourceTree = "<group>"; };
		E120E42D1D431E9B002DBC7E /* Info.plist */ = {isa = PBXFileReference; lastKnownFileType = text.plist.xml; path = Info.plist; sourceTree = "<group>"; };
		E13B8F091D66F62900C3A81D /* UIScrollViewWithTouchesBegan.h */ = {isa = PBXFileReference; fileEncoding = 4; lastKnownFileType = sourcecode.c.h; path = UIScrollViewWithTouchesBegan.h; sourceTree = "<group>"; };
		E13B8F0A1D66F62900C3A81D /* UIScrollViewWithTouchesBegan.m */ = {isa = PBXFileReference; fileEncoding = 4; lastKnownFileType = sourcecode.c.objc; path = UIScrollViewWithTouchesBegan.m; sourceTree = "<group>"; };
		E16C41D9213781AD00E05419 /* CancerScreeningEligibAssessTableVC.h */ = {isa = PBXFileReference; lastKnownFileType = sourcecode.c.h; path = CancerScreeningEligibAssessTableVC.h; sourceTree = "<group>"; };
		E16C41DA213781AD00E05419 /* CancerScreeningEligibAssessTableVC.m */ = {isa = PBXFileReference; lastKnownFileType = sourcecode.c.objc; path = CancerScreeningEligibAssessTableVC.m; sourceTree = "<group>"; };
		E1A4F0DA1D61CB8A00EE9BBB /* Reachability.h */ = {isa = PBXFileReference; fileEncoding = 4; lastKnownFileType = sourcecode.c.h; path = Reachability.h; sourceTree = "<group>"; };
		E1A4F0DB1D61CB8A00EE9BBB /* Reachability.m */ = {isa = PBXFileReference; fileEncoding = 4; lastKnownFileType = sourcecode.c.objc; path = Reachability.m; sourceTree = "<group>"; };
		E1A4F0DD1D66BC5A00EE9BBB /* LoginViewController.h */ = {isa = PBXFileReference; fileEncoding = 4; lastKnownFileType = sourcecode.c.h; path = LoginViewController.h; sourceTree = "<group>"; };
		E1A4F0DE1D66BC5A00EE9BBB /* LoginViewController.m */ = {isa = PBXFileReference; fileEncoding = 4; lastKnownFileType = sourcecode.c.objc; path = LoginViewController.m; sourceTree = "<group>"; };
		E1A4F0E01D66BE2000EE9BBB /* Assets.xcassets */ = {isa = PBXFileReference; lastKnownFileType = folder.assetcatalog; path = Assets.xcassets; sourceTree = "<group>"; };
		E1EFB0911D433C3400510532 /* PatientScreeningListTableViewController.h */ = {isa = PBXFileReference; fileEncoding = 4; lastKnownFileType = sourcecode.c.h; path = PatientScreeningListTableViewController.h; sourceTree = "<group>"; };
		E1EFB0921D433C3400510532 /* PatientScreeningListTableViewController.m */ = {isa = PBXFileReference; fileEncoding = 4; lastKnownFileType = sourcecode.c.objc; path = PatientScreeningListTableViewController.m; sourceTree = "<group>"; };
		E1FCF9301D45B77F00478F7B /* ServerComm.h */ = {isa = PBXFileReference; fileEncoding = 4; lastKnownFileType = sourcecode.c.h; path = ServerComm.h; sourceTree = "<group>"; };
		E1FCF9311D45B77F00478F7B /* ServerComm.m */ = {isa = PBXFileReference; fileEncoding = 4; lastKnownFileType = sourcecode.c.objc; path = ServerComm.m; sourceTree = "<group>"; };
/* End PBXFileReference section */

/* Begin PBXFrameworksBuildPhase section */
		E120E4001D431E9A002DBC7E /* Frameworks */ = {
			isa = PBXFrameworksBuildPhase;
			buildActionMask = 2147483647;
			files = (
				45E30D748D4D9DB15E36E079 /* Pods_CocoaPods_NHS.framework in Frameworks */,
				6CFD29C7B37E62DFE01501E8 /* AssetsLibrary.framework in Frameworks */,
				B932B92D80F966731F0F568C /* CoreText.framework in Frameworks */,
				B7FF558E02EF2C333752A688 /* CoreTelephony.framework in Frameworks */,
				4DB160276775517A6B6C0A75 /* SystemConfiguration.framework in Frameworks */,
				89436BFEDA11D3AAFB7D890D /* QuartzCore.framework in Frameworks */,
				0365AA69F5F64A154E302724 /* AVFoundation.framework in Frameworks */,
				4A30721D483BF641740A849C /* CoreMedia.framework in Frameworks */,
				5013E3904F995F40E8442E9D /* CoreVideo.framework in Frameworks */,
			);
			runOnlyForDeploymentPostprocessing = 0;
		};
		E120E4191D431E9B002DBC7E /* Frameworks */ = {
			isa = PBXFrameworksBuildPhase;
			buildActionMask = 2147483647;
			files = (
				7178DCB2261E43BF5671CFA5 /* Pods_NHSTests.framework in Frameworks */,
			);
			runOnlyForDeploymentPostprocessing = 0;
		};
		E120E4241D431E9B002DBC7E /* Frameworks */ = {
			isa = PBXFrameworksBuildPhase;
			buildActionMask = 2147483647;
			files = (
				C3C2F30AA2C4B174444C3807 /* Pods_NHSUITests.framework in Frameworks */,
			);
			runOnlyForDeploymentPostprocessing = 0;
		};
/* End PBXFrameworksBuildPhase section */

/* Begin PBXGroup section */
		01137E8A1F7BAD7E002A0A48 /* Profiling */ = {
			isa = PBXGroup;
			children = (
				01137E8B1F7BADA4002A0A48 /* ProfilingTableVC.h */,
				01137E8C1F7BADA4002A0A48 /* ProfilingTableVC.m */,
				01D48ECC1F39CD2C002C3928 /* MedicalHistoryTableVC.h */,
				01D48ECD1F39CD2C002C3928 /* MedicalHistoryTableVC.m */,
				8E05C0A921368D3000B7318E /* DietExerciseHistoryTableVC.h */,
				8E05C0AA21368D3000B7318E /* DietExerciseHistoryTableVC.m */,
				E16C41D9213781AD00E05419 /* CancerScreeningEligibAssessTableVC.h */,
				E16C41DA213781AD00E05419 /* CancerScreeningEligibAssessTableVC.m */,
				E11003582137BCA10074034E /* BasicGeriatricTableVC.h */,
				E11003592137BCA10074034E /* BasicGeriatricTableVC.m */,
				018D8C3A213E386800B13595 /* FinanceHistAndAssessTableVC.h */,
				018D8C3B213E386800B13595 /* FinanceHistAndAssessTableVC.m */,
				018D8C3D213E67AC00B13595 /* SocialHistAssmtTableVC.h */,
				018D8C3E213E67AC00B13595 /* SocialHistAssmtTableVC.m */,
				018D8C402140DA0500B13595 /* PsychoHistAssmtTableVC.h */,
				018D8C412140DA0500B13595 /* PsychoHistAssmtTableVC.m */,
				01137E8E1F7BAF7B002A0A48 /* ProfilingFormVC.h */,
				01137E8F1F7BAF7B002A0A48 /* ProfilingFormVC.m */,
			);
			name = Profiling;
			sourceTree = "<group>";
		};
		015F68271F4A7EF3000B6D5E /* SERI Eye Screening */ = {
			isa = PBXGroup;
			children = (
				015F68281F4A7F4E000B6D5E /* SeriSubsectionTableVC.h */,
				015F68291F4A7F4E000B6D5E /* SeriSubsectionTableVC.m */,
				013BE61E1F83283500E16EFC /* SegmentedCell.h */,
				013BE61F1F83283500E16EFC /* SegmentedCell.m */,
				012630441F8323C000065B1E /* SegmentedCell.xib */,
				015F682B1F4A846B000B6D5E /* SeriFormVC.h */,
				015F682C1F4A846B000B6D5E /* SeriFormVC.m */,
				015FD7A621638CA60042CC50 /* AutorefractorImageVC.h */,
				015FD7A721638CA60042CC50 /* AutorefractorImageVC.m */,
			);
			name = "SERI Eye Screening";
			sourceTree = "<group>";
		};
		015FD7A22163707A0042CC50 /* ResearchConsentForm VC */ = {
			isa = PBXGroup;
			children = (
				015FD7A32163709D0042CC50 /* ResearchConsentFormVC.h */,
				015FD7A42163709D0042CC50 /* ResearchConsentFormVC.m */,
			);
			name = "ResearchConsentForm VC";
			sourceTree = "<group>";
		};
		0166E05821534E8500FC2D02 /* Consent Form VC */ = {
			isa = PBXGroup;
			children = (
				0166E05D2153509000FC2D02 /* OverlayView.h */,
				0166E05C2153508F00FC2D02 /* OverlayView.m */,
				0166E05921534EAA00FC2D02 /* ConsentFormVC.h */,
				0166E05A21534EAA00FC2D02 /* ConsentFormVC.m */,
			);
			name = "Consent Form VC";
			sourceTree = "<group>";
		};
		018467981F7B4AF60067D2B0 /* Post-Screening */ = {
			isa = PBXGroup;
			children = (
				01137E841F7B4E8B002A0A48 /* FollowUpTableVC.h */,
				01137E851F7B4E8B002A0A48 /* FollowUpTableVC.m */,
				01137E871F7B6970002A0A48 /* HealthEduFormVC.h */,
				01137E881F7B6970002A0A48 /* HealthEduFormVC.m */,
				01F3CC3B1F983C210033ECDE /* PSFUQuestionnaireTableVC.h */,
				01F3CC3C1F983C210033ECDE /* PSFUQuestionnaireTableVC.m */,
				01F3CC3E1F983E3D0033ECDE /* QuestionnaireFormVC.h */,
				01F3CC3F1F983E3D0033ECDE /* QuestionnaireFormVC.m */,
				01100BF621426FA600F179F5 /* PdfReportViewController.h */,
				01100BF721426FA600F179F5 /* PdfReportViewController.m */,
			);
			name = "Post-Screening";
			sourceTree = "<group>";
		};
		018B237F1F726C5F0046F9ED /* ReportViewController */ = {
			isa = PBXGroup;
			children = (
				018B23801F726C810046F9ED /* ReportViewController.h */,
				018B23811F726C810046F9ED /* ReportViewController.m */,
			);
			name = ReportViewController;
			sourceTree = "<group>";
		};
		018D8C4721425F3800B13595 /* Advanced Geriatrics */ = {
			isa = PBXGroup;
			children = (
				018D8C4821425F6D00B13595 /* AdvancedGeriatricsTableVC.h */,
				018D8C4921425F6D00B13595 /* AdvancedGeriatricsTableVC.m */,
				018D8C4B2142606100B13595 /* AdvancedGeriatricsFormVC.h */,
				018D8C4C2142606100B13595 /* AdvancedGeriatricsFormVC.m */,
			);
			name = "Advanced Geriatrics";
			sourceTree = "<group>";
		};
		01D48ECF1F3A1812002C3928 /* Social Work */ = {
			isa = PBXGroup;
			children = (
				01D48ED01F3A1839002C3928 /* SocialWorkTableVC.h */,
				01D48ED11F3A1839002C3928 /* SocialWorkTableVC.m */,
				01B893F91F3DADF900201995 /* DemographicsVC.h */,
				01B893FA1F3DADF900201995 /* DemographicsVC.m */,
				01B893FC1F3E05CC00201995 /* PageGuideVC.h */,
				01B893FD1F3E05CC00201995 /* PageGuideVC.m */,
				01D48ED31F3B5F40002C3928 /* SocialWorkFormVC.h */,
				01D48ED41F3B5F40002C3928 /* SocialWorkFormVC.m */,
			);
			name = "Social Work";
			sourceTree = "<group>";
		};
		01E622F61F6D2CC800E05FA8 /* Screening List */ = {
			isa = PBXGroup;
			children = (
				E1EFB0911D433C3400510532 /* PatientScreeningListTableViewController.h */,
				E1EFB0921D433C3400510532 /* PatientScreeningListTableViewController.m */,
			);
			name = "Screening List";
			sourceTree = "<group>";
		};
		01E622F71F6D2CD500E05FA8 /* New Resident VC */ = {
			isa = PBXGroup;
			children = (
				01FF80BF1F53AF62002C7ADD /* NewScreeningResidentFormVC.h */,
				01FF80C01F53AF62002C7ADD /* NewScreeningResidentFormVC.m */,
				DBB7B9FF230DA3C30059574F /* ViewSignatureVC.h */,
				DBB7BA01230DA3C40059574F /* ViewSignatureVC.m */,
				DBB7BA00230DA3C40059574F /* CaptureSignatureVC.h */,
				DBB7B9FE230DA3C30059574F /* CaptureSignatureVC.m */,
				DB7690172315711700E20A19 /* ResearchSignatureVC.h */,
				DB7690182315711700E20A19 /* ResearchSignatureVC.m */,
			);
			name = "New Resident VC";
			sourceTree = "<group>";
		};
		01E622F81F6D2CE600E05FA8 /* Select Profile VC */ = {
			isa = PBXGroup;
			children = (
				01D48EBF1F3327B5002C3928 /* ScreeningSelectProfileTableVC.h */,
				01D48EC01F3327B5002C3928 /* ScreeningSelectProfileTableVC.m */,
			);
			name = "Select Profile VC";
			sourceTree = "<group>";
		};
		01E622F91F6D2CF700E05FA8 /* Resident Particulars VC */ = {
			isa = PBXGroup;
			children = (
				01D48EC21F346C36002C3928 /* ResidentParticularsVC.h */,
				01D48EC31F346C36002C3928 /* ResidentParticularsVC.m */,
			);
			name = "Resident Particulars VC";
			sourceTree = "<group>";
		};
		01E622FA1F6D2D0200E05FA8 /* Screening Section VC */ = {
			isa = PBXGroup;
			children = (
				8EC56F851D60C16300938C2A /* ScreeningSectionTableViewController.h */,
				8EC56F861D60C16300938C2A /* ScreeningSectionTableViewController.m */,
			);
			name = "Screening Section VC";
			sourceTree = "<group>";
		};
		01E622FB1F6D2D0A00E05FA8 /* Screening Form VC */ = {
			isa = PBXGroup;
			children = (
				8EC56F7F1D60B88D00938C2A /* ScreeningFormViewController.h */,
				8EC56F801D60B88D00938C2A /* ScreeningFormViewController.m */,
			);
			name = "Screening Form VC";
			sourceTree = "<group>";
		};
		8E2527661D57600900ACEE92 /* Screening */ = {
			isa = PBXGroup;
			children = (
				01E622F61F6D2CC800E05FA8 /* Screening List */,
				01E622F71F6D2CD500E05FA8 /* New Resident VC */,
				01E622F81F6D2CE600E05FA8 /* Select Profile VC */,
				0166E05821534E8500FC2D02 /* Consent Form VC */,
				015FD7A22163707A0042CC50 /* ResearchConsentForm VC */,
				018B237F1F726C5F0046F9ED /* ReportViewController */,
				01E622F91F6D2CF700E05FA8 /* Resident Particulars VC */,
				01E622FA1F6D2D0200E05FA8 /* Screening Section VC */,
				01E622FB1F6D2D0A00E05FA8 /* Screening Form VC */,
				01137E8A1F7BAD7E002A0A48 /* Profiling */,
				018D8C4721425F3800B13595 /* Advanced Geriatrics */,
				01D48ECF1F3A1812002C3928 /* Social Work */,
				015F68271F4A7EF3000B6D5E /* SERI Eye Screening */,
			);
			name = Screening;
			sourceTree = "<group>";
		};
		D2341D3E54ED753361BC20FE /* Pods */ = {
			isa = PBXGroup;
			children = (
				15C05F16B9AA0D95A6AE2EAA /* Pods-CocoaPods-NHS.debug.xcconfig */,
				32CF155AD7EB396F62BB8DC1 /* Pods-CocoaPods-NHS.release.xcconfig */,
				46E041C7C0BB3C7FF9496A21 /* Pods-NHSTests.debug.xcconfig */,
				3D3B5270F7652DCD47BE1008 /* Pods-NHSTests.release.xcconfig */,
				4D09CFA97E8A9CD583C600DF /* Pods-NHSUITests.debug.xcconfig */,
				D4C8AA7ED6BECF1390F4A15E /* Pods-NHSUITests.release.xcconfig */,
			);
			name = Pods;
			sourceTree = "<group>";
		};
		DB769012230EC71900E20A19 /* PDF Forms */ = {
			isa = PBXGroup;
			children = (
				DB7690152310492B00E20A19 /* ScreeningConsent.pdf */,
				DB769013230EC73500E20A19 /* ResearchConsent.pdf */,
			);
			name = "PDF Forms";
			sourceTree = "<group>";
		};
		DBB7B9F0230D9A5A0059574F /* UviSignatureView */ = {
			isa = PBXGroup;
			children = (
				DBB7B9FC230DA3B60059574F /* UviSignatureView.h */,
				DBB7B9FB230DA3B60059574F /* UviSignatureView.m */,
			);
			name = UviSignatureView;
			sourceTree = "<group>";
		};
		DE085EC8EB60C609DC0B563E /* Frameworks */ = {
			isa = PBXGroup;
			children = (
				BBF146E69B77C3775C935F8C /* Pods_CocoaPods_NHS.framework */,
				645A46836680739EAF744E2F /* Pods_NHSTests.framework */,
				209345AB6DD8B9F1E078D209 /* Pods_NHSUITests.framework */,
				5770AFF7723755883767FC00 /* AssetsLibrary.framework */,
				474665EE4826B151279871A1 /* CoreText.framework */,
				976D2C7502590B08EE5BAFD4 /* CoreTelephony.framework */,
				D6D48DA6CEA8B44D498464D0 /* SystemConfiguration.framework */,
				8C7F3F1B0D84D672E6E35103 /* QuartzCore.framework */,
				8964BE86125ACEAAC6F8C79B /* AVFoundation.framework */,
				42F8C126868498248C33D2EA /* CoreMedia.framework */,
				BDD52E2A045B91149705069E /* CoreVideo.framework */,
			);
			name = Frameworks;
			sourceTree = "<group>";
		};
		E120E3FA1D431E9A002DBC7E = {
			isa = PBXGroup;
			children = (
				E120E4051D431E9B002DBC7E /* NHS */,
				E120E41F1D431E9B002DBC7E /* NHSTests */,
				E120E42A1D431E9B002DBC7E /* NHSUITests */,
				E120E4041D431E9A002DBC7E /* Products */,
				D2341D3E54ED753361BC20FE /* Pods */,
				DE085EC8EB60C609DC0B563E /* Frameworks */,
			);
			sourceTree = "<group>";
		};
		E120E4041D431E9A002DBC7E /* Products */ = {
			isa = PBXGroup;
			children = (
				E120E4031D431E9A002DBC7E /* NHS.app */,
				E120E41C1D431E9B002DBC7E /* NHSTests.xctest */,
				E120E4271D431E9B002DBC7E /* NHSUITests.xctest */,
			);
			name = Products;
			sourceTree = "<group>";
		};
		E120E4051D431E9B002DBC7E /* NHS */ = {
			isa = PBXGroup;
			children = (
				DB769012230EC71900E20A19 /* PDF Forms */,
				8EC56F881D60CDBB00938C2A /* AppConstants.h */,
				8EC56F891D60CDBB00938C2A /* AppConstants.m */,
				8E0852571D6DCCD7006E68FE /* blankScreeningForm.json */,
				E1FCF92F1D45B76100478F7B /* Models */,
				E1FCF92E1D45B75200478F7B /* ViewControllers */,
				E120E4091D431E9B002DBC7E /* AppDelegate.h */,
				E120E40A1D431E9B002DBC7E /* AppDelegate.m */,
				01554A5321431F520059CC08 /* ELCUIApplication.h */,
				01554A5421431F520059CC08 /* ELCUIApplication.m */,
				E120E40F1D431E9B002DBC7E /* Main.storyboard */,
				E120E4141D431E9B002DBC7E /* LaunchScreen.storyboard */,
				E1A4F0E01D66BE2000EE9BBB /* Assets.xcassets */,
				E120E4171D431E9B002DBC7E /* Info.plist */,
				E120E4061D431E9B002DBC7E /* Supporting Files */,
			);
			path = NHS;
			sourceTree = "<group>";
		};
		E120E4061D431E9B002DBC7E /* Supporting Files */ = {
			isa = PBXGroup;
			children = (
				E120E4071D431E9B002DBC7E /* main.m */,
			);
			name = "Supporting Files";
			sourceTree = "<group>";
		};
		E120E41F1D431E9B002DBC7E /* NHSTests */ = {
			isa = PBXGroup;
			children = (
				E120E4201D431E9B002DBC7E /* NHSTests.m */,
				E120E4221D431E9B002DBC7E /* Info.plist */,
			);
			path = NHSTests;
			sourceTree = "<group>";
		};
		E120E42A1D431E9B002DBC7E /* NHSUITests */ = {
			isa = PBXGroup;
			children = (
				E120E42B1D431E9B002DBC7E /* NHSUITests.m */,
				E120E42D1D431E9B002DBC7E /* Info.plist */,
			);
			path = NHSUITests;
			sourceTree = "<group>";
		};
		E1FCF92E1D45B75200478F7B /* ViewControllers */ = {
			isa = PBXGroup;
			children = (
				E1A4F0DD1D66BC5A00EE9BBB /* LoginViewController.h */,
				E1A4F0DE1D66BC5A00EE9BBB /* LoginViewController.m */,
				8E2527681D5766C400ACEE92 /* HomeViewController.h */,
				8E2527691D5766C400ACEE92 /* HomeViewController.m */,
				018C04251F3F4A1300582E82 /* NeighbourhoodSelectionVC.h */,
				018C04261F3F4A1300582E82 /* NeighbourhoodSelectionVC.m */,
				8E2527661D57600900ACEE92 /* Screening */,
				018467981F7B4AF60067D2B0 /* Post-Screening */,
			);
			name = ViewControllers;
			sourceTree = "<group>";
		};
		E1FCF92F1D45B76100478F7B /* Models */ = {
			isa = PBXGroup;
			children = (
				DBB7B9F0230D9A5A0059574F /* UviSignatureView */,
				E1A4F0DA1D61CB8A00EE9BBB /* Reachability.h */,
				E1A4F0DB1D61CB8A00EE9BBB /* Reachability.m */,
				018D8C4421417D8D00B13595 /* ResidentProfile.h */,
				018D8C4521417D8D00B13595 /* ResidentProfile.m */,
				E1FCF9301D45B77F00478F7B /* ServerComm.h */,
				E1FCF9311D45B77F00478F7B /* ServerComm.m */,
				01087AE21F6041700046838E /* ScreeningDictionary.h */,
				01087AE31F6041700046838E /* ScreeningDictionary.m */,
				0158313D1DB4D2F80049F16C /* GenericTableViewCell.h */,
				0158313E1DB4D2F80049F16C /* GenericTableViewCell.m */,
				0158313F1DB4D2F80049F16C /* GenericTableViewCell.xib */,
				E13B8F091D66F62900C3A81D /* UIScrollViewWithTouchesBegan.h */,
				E13B8F0A1D66F62900C3A81D /* UIScrollViewWithTouchesBegan.m */,
				016A27F41F5FDB8F0074C36A /* SearchResultsTableController.h */,
				016A27F51F5FDB8F0074C36A /* SearchResultsTableController.m */,
				01D7BCEF1F6D38E2000FDDED /* DeviceInfo.h */,
				01D7BCF01F6D38E2000FDDED /* DeviceInfo.m */,
			);
			name = Models;
			sourceTree = "<group>";
		};
/* End PBXGroup section */

/* Begin PBXNativeTarget section */
		E120E4021D431E9A002DBC7E /* NHS */ = {
			isa = PBXNativeTarget;
			buildConfigurationList = E120E4301D431E9B002DBC7E /* Build configuration list for PBXNativeTarget "NHS" */;
			buildPhases = (
				FF8776DD202AC1025F115A16 /* [CP] Check Pods Manifest.lock */,
				E120E3FF1D431E9A002DBC7E /* Sources */,
				E120E4001D431E9A002DBC7E /* Frameworks */,
				0130D1861F2AFDC10073901D /* Auto Build Number */,
				E120E4011D431E9A002DBC7E /* Resources */,
				34FB291B9709B014537CA544 /* [CP] Embed Pods Frameworks */,
			);
			buildRules = (
			);
			dependencies = (
			);
			name = NHS;
			productName = NHS;
			productReference = E120E4031D431E9A002DBC7E /* NHS.app */;
			productType = "com.apple.product-type.application";
		};
		E120E41B1D431E9B002DBC7E /* NHSTests */ = {
			isa = PBXNativeTarget;
			buildConfigurationList = E120E4331D431E9B002DBC7E /* Build configuration list for PBXNativeTarget "NHSTests" */;
			buildPhases = (
				C64346FC03DF682991B066D2 /* [CP] Check Pods Manifest.lock */,
				E120E4181D431E9B002DBC7E /* Sources */,
				E120E4191D431E9B002DBC7E /* Frameworks */,
				E120E41A1D431E9B002DBC7E /* Resources */,
			);
			buildRules = (
			);
			dependencies = (
				E120E41E1D431E9B002DBC7E /* PBXTargetDependency */,
			);
			name = NHSTests;
			productName = NHSTests;
			productReference = E120E41C1D431E9B002DBC7E /* NHSTests.xctest */;
			productType = "com.apple.product-type.bundle.unit-test";
		};
		E120E4261D431E9B002DBC7E /* NHSUITests */ = {
			isa = PBXNativeTarget;
			buildConfigurationList = E120E4361D431E9B002DBC7E /* Build configuration list for PBXNativeTarget "NHSUITests" */;
			buildPhases = (
				19372F93748DFE5AE03EF15E /* [CP] Check Pods Manifest.lock */,
				E120E4231D431E9B002DBC7E /* Sources */,
				E120E4241D431E9B002DBC7E /* Frameworks */,
				E120E4251D431E9B002DBC7E /* Resources */,
			);
			buildRules = (
			);
			dependencies = (
				E120E4291D431E9B002DBC7E /* PBXTargetDependency */,
			);
			name = NHSUITests;
			productName = NHSUITests;
			productReference = E120E4271D431E9B002DBC7E /* NHSUITests.xctest */;
			productType = "com.apple.product-type.bundle.ui-testing";
		};
/* End PBXNativeTarget section */

/* Begin PBXProject section */
		E120E3FB1D431E9A002DBC7E /* Project object */ = {
			isa = PBXProject;
			attributes = {
				LastUpgradeCheck = 0900;
				ORGANIZATIONNAME = NUS;
				TargetAttributes = {
					E120E4021D431E9A002DBC7E = {
						CreatedOnToolsVersion = 7.3.1;
						DevelopmentTeam = 84KR86PUS3;
						LastSwiftMigration = 0800;
						ProvisioningStyle = Automatic;
					};
					E120E41B1D431E9B002DBC7E = {
						CreatedOnToolsVersion = 7.3.1;
						TestTargetID = E120E4021D431E9A002DBC7E;
					};
					E120E4261D431E9B002DBC7E = {
						CreatedOnToolsVersion = 7.3.1;
						TestTargetID = E120E4021D431E9A002DBC7E;
					};
				};
			};
			buildConfigurationList = E120E3FE1D431E9A002DBC7E /* Build configuration list for PBXProject "NHS" */;
			compatibilityVersion = "Xcode 3.2";
			developmentRegion = English;
			hasScannedForEncodings = 0;
			knownRegions = (
				en,
				Base,
			);
			mainGroup = E120E3FA1D431E9A002DBC7E;
			productRefGroup = E120E4041D431E9A002DBC7E /* Products */;
			projectDirPath = "";
			projectRoot = "";
			targets = (
				E120E4021D431E9A002DBC7E /* NHS */,
				E120E41B1D431E9B002DBC7E /* NHSTests */,
				E120E4261D431E9B002DBC7E /* NHSUITests */,
			);
		};
/* End PBXProject section */

/* Begin PBXResourcesBuildPhase section */
		E120E4011D431E9A002DBC7E /* Resources */ = {
			isa = PBXResourcesBuildPhase;
			buildActionMask = 2147483647;
			files = (
				E120E4161D431E9B002DBC7E /* LaunchScreen.storyboard in Resources */,
				015831411DB4D2F80049F16C /* GenericTableViewCell.xib in Resources */,
				8E0852581D6DCCD7006E68FE /* blankScreeningForm.json in Resources */,
				E120E4111D431E9B002DBC7E /* Main.storyboard in Resources */,
				DB7690162310492B00E20A19 /* ScreeningConsent.pdf in Resources */,
				012630451F8323C000065B1E /* SegmentedCell.xib in Resources */,
				DB769014230EC73600E20A19 /* ResearchConsent.pdf in Resources */,
				E1A4F0E11D66BE2000EE9BBB /* Assets.xcassets in Resources */,
			);
			runOnlyForDeploymentPostprocessing = 0;
		};
		E120E41A1D431E9B002DBC7E /* Resources */ = {
			isa = PBXResourcesBuildPhase;
			buildActionMask = 2147483647;
			files = (
			);
			runOnlyForDeploymentPostprocessing = 0;
		};
		E120E4251D431E9B002DBC7E /* Resources */ = {
			isa = PBXResourcesBuildPhase;
			buildActionMask = 2147483647;
			files = (
			);
			runOnlyForDeploymentPostprocessing = 0;
		};
/* End PBXResourcesBuildPhase section */

/* Begin PBXShellScriptBuildPhase section */
		0130D1861F2AFDC10073901D /* Auto Build Number */ = {
			isa = PBXShellScriptBuildPhase;
			buildActionMask = 2147483647;
			files = (
			);
			inputPaths = (
			);
			name = "Auto Build Number";
			outputPaths = (
			);
			runOnlyForDeploymentPostprocessing = 0;
			shellPath = /bin/sh;
			shellScript = "#!/bin/sh\n# Auto Increment Version Script\n# set CFBundleVersion to 1.0.1 first!!!\n# the perl regex splits out the last part of a build number (ie: 1.1.1) and increments it by one\n# if you have a build number that is more than 3 components, add a '\\.\\d+' into the first part of the regex.\nbuildNumber=$(/usr/libexec/PlistBuddy -c \"Print CFBundleVersion\" \"${PROJECT_DIR}/${INFOPLIST_FILE}\")\nbuildNumber=$(($buildNumber + 1))\n/usr/libexec/PlistBuddy -c \"Set :CFBundleVersion $buildNumber\" \"${PROJECT_DIR}/${INFOPLIST_FILE}\"";
		};
		19372F93748DFE5AE03EF15E /* [CP] Check Pods Manifest.lock */ = {
			isa = PBXShellScriptBuildPhase;
			buildActionMask = 2147483647;
			files = (
			);
			inputPaths = (
				"${PODS_PODFILE_DIR_PATH}/Podfile.lock",
				"${PODS_ROOT}/Manifest.lock",
			);
			name = "[CP] Check Pods Manifest.lock";
			outputPaths = (
				"$(DERIVED_FILE_DIR)/Pods-NHSUITests-checkManifestLockResult.txt",
			);
			runOnlyForDeploymentPostprocessing = 0;
			shellPath = /bin/sh;
			shellScript = "diff \"${PODS_PODFILE_DIR_PATH}/Podfile.lock\" \"${PODS_ROOT}/Manifest.lock\" > /dev/null\nif [ $? != 0 ] ; then\n    # print error to STDERR\n    echo \"error: The sandbox is not in sync with the Podfile.lock. Run 'pod install' or update your CocoaPods installation.\" >&2\n    exit 1\nfi\n# This output is used by Xcode 'outputs' to avoid re-running this script phase.\necho \"SUCCESS\" > \"${SCRIPT_OUTPUT_FILE_0}\"\n";
			showEnvVarsInLog = 0;
		};
		34FB291B9709B014537CA544 /* [CP] Embed Pods Frameworks */ = {
			isa = PBXShellScriptBuildPhase;
			buildActionMask = 2147483647;
			files = (
			);
			inputPaths = (
				"${PODS_ROOT}/Target Support Files/Pods-CocoaPods-NHS/Pods-CocoaPods-NHS-frameworks.sh",
				"${BUILT_PRODUCTS_DIR}/ACEDrawingView/ACEDrawingView.framework",
				"${BUILT_PRODUCTS_DIR}/AFNetworking/AFNetworking.framework",
				"${BUILT_PRODUCTS_DIR}/FontAwesomeKit/FontAwesomeKit.framework",
				"${BUILT_PRODUCTS_DIR}/HTPressableButton/HTPressableButton.framework",
				"${BUILT_PRODUCTS_DIR}/HYPImagePicker/HYPImagePicker.framework",
				"${BUILT_PRODUCTS_DIR}/KAStatusBar/KAStatusBar.framework",
				"${BUILT_PRODUCTS_DIR}/MBProgressHUD/MBProgressHUD.framework",
				"${BUILT_PRODUCTS_DIR}/NSDate-HYPString/NSDate_HYPString.framework",
				"${BUILT_PRODUCTS_DIR}/NSDictionary-HYPImmutable/NSDictionary_HYPImmutable.framework",
				"${BUILT_PRODUCTS_DIR}/RNCryptor/RNCryptor.framework",
				"${BUILT_PRODUCTS_DIR}/SVProgressHUD/SVProgressHUD.framework",
				"${BUILT_PRODUCTS_DIR}/XLForm/XLForm.framework",
			);
			name = "[CP] Embed Pods Frameworks";
			outputPaths = (
				"${TARGET_BUILD_DIR}/${FRAMEWORKS_FOLDER_PATH}/ACEDrawingView.framework",
				"${TARGET_BUILD_DIR}/${FRAMEWORKS_FOLDER_PATH}/AFNetworking.framework",
				"${TARGET_BUILD_DIR}/${FRAMEWORKS_FOLDER_PATH}/FontAwesomeKit.framework",
				"${TARGET_BUILD_DIR}/${FRAMEWORKS_FOLDER_PATH}/HTPressableButton.framework",
				"${TARGET_BUILD_DIR}/${FRAMEWORKS_FOLDER_PATH}/HYPImagePicker.framework",
				"${TARGET_BUILD_DIR}/${FRAMEWORKS_FOLDER_PATH}/KAStatusBar.framework",
				"${TARGET_BUILD_DIR}/${FRAMEWORKS_FOLDER_PATH}/MBProgressHUD.framework",
				"${TARGET_BUILD_DIR}/${FRAMEWORKS_FOLDER_PATH}/NSDate_HYPString.framework",
				"${TARGET_BUILD_DIR}/${FRAMEWORKS_FOLDER_PATH}/NSDictionary_HYPImmutable.framework",
				"${TARGET_BUILD_DIR}/${FRAMEWORKS_FOLDER_PATH}/RNCryptor.framework",
				"${TARGET_BUILD_DIR}/${FRAMEWORKS_FOLDER_PATH}/SVProgressHUD.framework",
				"${TARGET_BUILD_DIR}/${FRAMEWORKS_FOLDER_PATH}/XLForm.framework",
			);
			runOnlyForDeploymentPostprocessing = 0;
			shellPath = /bin/sh;
			shellScript = "\"${PODS_ROOT}/Target Support Files/Pods-CocoaPods-NHS/Pods-CocoaPods-NHS-frameworks.sh\"\n";
			showEnvVarsInLog = 0;
		};
		C64346FC03DF682991B066D2 /* [CP] Check Pods Manifest.lock */ = {
			isa = PBXShellScriptBuildPhase;
			buildActionMask = 2147483647;
			files = (
			);
			inputPaths = (
				"${PODS_PODFILE_DIR_PATH}/Podfile.lock",
				"${PODS_ROOT}/Manifest.lock",
			);
			name = "[CP] Check Pods Manifest.lock";
			outputPaths = (
				"$(DERIVED_FILE_DIR)/Pods-NHSTests-checkManifestLockResult.txt",
			);
			runOnlyForDeploymentPostprocessing = 0;
			shellPath = /bin/sh;
			shellScript = "diff \"${PODS_PODFILE_DIR_PATH}/Podfile.lock\" \"${PODS_ROOT}/Manifest.lock\" > /dev/null\nif [ $? != 0 ] ; then\n    # print error to STDERR\n    echo \"error: The sandbox is not in sync with the Podfile.lock. Run 'pod install' or update your CocoaPods installation.\" >&2\n    exit 1\nfi\n# This output is used by Xcode 'outputs' to avoid re-running this script phase.\necho \"SUCCESS\" > \"${SCRIPT_OUTPUT_FILE_0}\"\n";
			showEnvVarsInLog = 0;
		};
		FF8776DD202AC1025F115A16 /* [CP] Check Pods Manifest.lock */ = {
			isa = PBXShellScriptBuildPhase;
			buildActionMask = 2147483647;
			files = (
			);
			inputPaths = (
				"${PODS_PODFILE_DIR_PATH}/Podfile.lock",
				"${PODS_ROOT}/Manifest.lock",
			);
			name = "[CP] Check Pods Manifest.lock";
			outputPaths = (
				"$(DERIVED_FILE_DIR)/Pods-CocoaPods-NHS-checkManifestLockResult.txt",
			);
			runOnlyForDeploymentPostprocessing = 0;
			shellPath = /bin/sh;
			shellScript = "diff \"${PODS_PODFILE_DIR_PATH}/Podfile.lock\" \"${PODS_ROOT}/Manifest.lock\" > /dev/null\nif [ $? != 0 ] ; then\n    # print error to STDERR\n    echo \"error: The sandbox is not in sync with the Podfile.lock. Run 'pod install' or update your CocoaPods installation.\" >&2\n    exit 1\nfi\n# This output is used by Xcode 'outputs' to avoid re-running this script phase.\necho \"SUCCESS\" > \"${SCRIPT_OUTPUT_FILE_0}\"\n";
			showEnvVarsInLog = 0;
		};
/* End PBXShellScriptBuildPhase section */

/* Begin PBXSourcesBuildPhase section */
		E120E3FF1D431E9A002DBC7E /* Sources */ = {
			isa = PBXSourcesBuildPhase;
			buildActionMask = 2147483647;
			files = (
				DBB7B9FD230DA3B60059574F /* UviSignatureView.m in Sources */,
				018C04271F3F4A1300582E82 /* NeighbourhoodSelectionVC.m in Sources */,
				01D48EC41F346C36002C3928 /* ResidentParticularsVC.m in Sources */,
				018D8C422140DA0500B13595 /* PsychoHistAssmtTableVC.m in Sources */,
				E120E40B1D431E9B002DBC7E /* AppDelegate.m in Sources */,
				8EC56F8A1D60CDBB00938C2A /* AppConstants.m in Sources */,
				E120E4081D431E9B002DBC7E /* main.m in Sources */,
				E1EFB0931D433C3400510532 /* PatientScreeningListTableViewController.m in Sources */,
				013BE6201F83283500E16EFC /* SegmentedCell.m in Sources */,
				01D48ED51F3B5F40002C3928 /* SocialWorkFormVC.m in Sources */,
				DBB7BA03230DA3C40059574F /* ViewSignatureVC.m in Sources */,
				E16C41DB213781AD00E05419 /* CancerScreeningEligibAssessTableVC.m in Sources */,
				01B893FE1F3E05CC00201995 /* PageGuideVC.m in Sources */,
				01D48ED21F3A1839002C3928 /* SocialWorkTableVC.m in Sources */,
				DB7690192315711700E20A19 /* ResearchSignatureVC.m in Sources */,
				015F682A1F4A7F4E000B6D5E /* SeriSubsectionTableVC.m in Sources */,
				018D8C3C213E386800B13595 /* FinanceHistAndAssessTableVC.m in Sources */,
				E13B8F0B1D66F62900C3A81D /* UIScrollViewWithTouchesBegan.m in Sources */,
				01554A5521431F530059CC08 /* ELCUIApplication.m in Sources */,
				01137E861F7B4E8B002A0A48 /* FollowUpTableVC.m in Sources */,
				E1A4F0DF1D66BC5A00EE9BBB /* LoginViewController.m in Sources */,
				015831401DB4D2F80049F16C /* GenericTableViewCell.m in Sources */,
				01D48ECE1F39CD2C002C3928 /* MedicalHistoryTableVC.m in Sources */,
				01D7BCF11F6D38E2000FDDED /* DeviceInfo.m in Sources */,
				018D8C3F213E67AC00B13595 /* SocialHistAssmtTableVC.m in Sources */,
				015FD7A52163709D0042CC50 /* ResearchConsentFormVC.m in Sources */,
				01137E901F7BAF7B002A0A48 /* ProfilingFormVC.m in Sources */,
				8EC56F871D60C16300938C2A /* ScreeningSectionTableViewController.m in Sources */,
				01087AE41F6041700046838E /* ScreeningDictionary.m in Sources */,
				01B893FB1F3DADF900201995 /* DemographicsVC.m in Sources */,
				E1FCF9321D45B77F00478F7B /* ServerComm.m in Sources */,
				0166E05E2153509000FC2D02 /* OverlayView.m in Sources */,
				8E05C0AB21368D3000B7318E /* DietExerciseHistoryTableVC.m in Sources */,
				8EC56F811D60B88D00938C2A /* ScreeningFormViewController.m in Sources */,
				016A27F61F5FDB8F0074C36A /* SearchResultsTableController.m in Sources */,
				018B23821F726C810046F9ED /* ReportViewController.m in Sources */,
				01137E8D1F7BADA4002A0A48 /* ProfilingTableVC.m in Sources */,
				01F3CC401F983E3D0033ECDE /* QuestionnaireFormVC.m in Sources */,
				01D48EC11F3327B5002C3928 /* ScreeningSelectProfileTableVC.m in Sources */,
				DBB7BA02230DA3C40059574F /* CaptureSignatureVC.m in Sources */,
				015F682D1F4A846B000B6D5E /* SeriFormVC.m in Sources */,
				0166E05B21534EAA00FC2D02 /* ConsentFormVC.m in Sources */,
				01137E891F7B6970002A0A48 /* HealthEduFormVC.m in Sources */,
				01F3CC3D1F983C210033ECDE /* PSFUQuestionnaireTableVC.m in Sources */,
				018D8C4A21425F6D00B13595 /* AdvancedGeriatricsTableVC.m in Sources */,
				018D8C4621417D8D00B13595 /* ResidentProfile.m in Sources */,
				E1A4F0DC1D61CB8A00EE9BBB /* Reachability.m in Sources */,
				E110035A2137BCA10074034E /* BasicGeriatricTableVC.m in Sources */,
				015FD7A821638CA60042CC50 /* AutorefractorImageVC.m in Sources */,
				8E25276A1D5766C400ACEE92 /* HomeViewController.m in Sources */,
				01100BF821426FA600F179F5 /* PdfReportViewController.m in Sources */,
				01FF80C11F53AF62002C7ADD /* NewScreeningResidentFormVC.m in Sources */,
				018D8C4D2142606100B13595 /* AdvancedGeriatricsFormVC.m in Sources */,
			);
			runOnlyForDeploymentPostprocessing = 0;
		};
		E120E4181D431E9B002DBC7E /* Sources */ = {
			isa = PBXSourcesBuildPhase;
			buildActionMask = 2147483647;
			files = (
				E120E4211D431E9B002DBC7E /* NHSTests.m in Sources */,
			);
			runOnlyForDeploymentPostprocessing = 0;
		};
		E120E4231D431E9B002DBC7E /* Sources */ = {
			isa = PBXSourcesBuildPhase;
			buildActionMask = 2147483647;
			files = (
				E120E42C1D431E9B002DBC7E /* NHSUITests.m in Sources */,
			);
			runOnlyForDeploymentPostprocessing = 0;
		};
/* End PBXSourcesBuildPhase section */

/* Begin PBXTargetDependency section */
		E120E41E1D431E9B002DBC7E /* PBXTargetDependency */ = {
			isa = PBXTargetDependency;
			target = E120E4021D431E9A002DBC7E /* NHS */;
			targetProxy = E120E41D1D431E9B002DBC7E /* PBXContainerItemProxy */;
		};
		E120E4291D431E9B002DBC7E /* PBXTargetDependency */ = {
			isa = PBXTargetDependency;
			target = E120E4021D431E9A002DBC7E /* NHS */;
			targetProxy = E120E4281D431E9B002DBC7E /* PBXContainerItemProxy */;
		};
/* End PBXTargetDependency section */

/* Begin PBXVariantGroup section */
		E120E40F1D431E9B002DBC7E /* Main.storyboard */ = {
			isa = PBXVariantGroup;
			children = (
				E120E4101D431E9B002DBC7E /* Base */,
			);
			name = Main.storyboard;
			sourceTree = "<group>";
		};
		E120E4141D431E9B002DBC7E /* LaunchScreen.storyboard */ = {
			isa = PBXVariantGroup;
			children = (
				E120E4151D431E9B002DBC7E /* Base */,
			);
			name = LaunchScreen.storyboard;
			sourceTree = "<group>";
		};
/* End PBXVariantGroup section */

/* Begin XCBuildConfiguration section */
		E120E42E1D431E9B002DBC7E /* Debug */ = {
			isa = XCBuildConfiguration;
			buildSettings = {
				ALWAYS_SEARCH_USER_PATHS = NO;
				CLANG_ANALYZER_NONNULL = YES;
				CLANG_CXX_LANGUAGE_STANDARD = "gnu++0x";
				CLANG_CXX_LIBRARY = "libc++";
				CLANG_ENABLE_MODULES = YES;
				CLANG_ENABLE_OBJC_ARC = YES;
				CLANG_WARN_BLOCK_CAPTURE_AUTORELEASING = YES;
				CLANG_WARN_BOOL_CONVERSION = YES;
				CLANG_WARN_COMMA = YES;
				CLANG_WARN_CONSTANT_CONVERSION = YES;
				CLANG_WARN_DIRECT_OBJC_ISA_USAGE = YES_ERROR;
				CLANG_WARN_EMPTY_BODY = YES;
				CLANG_WARN_ENUM_CONVERSION = YES;
				CLANG_WARN_INFINITE_RECURSION = YES;
				CLANG_WARN_INT_CONVERSION = YES;
				CLANG_WARN_NON_LITERAL_NULL_CONVERSION = YES;
				CLANG_WARN_OBJC_LITERAL_CONVERSION = YES;
				CLANG_WARN_OBJC_ROOT_CLASS = YES_ERROR;
				CLANG_WARN_RANGE_LOOP_ANALYSIS = YES;
				CLANG_WARN_STRICT_PROTOTYPES = YES;
				CLANG_WARN_SUSPICIOUS_MOVE = YES;
				CLANG_WARN_UNREACHABLE_CODE = YES;
				CLANG_WARN__DUPLICATE_METHOD_MATCH = YES;
				CODE_SIGN_IDENTITY = "iPhone Developer";
				"CODE_SIGN_IDENTITY[sdk=iphoneos*]" = "iPhone Developer";
				COPY_PHASE_STRIP = NO;
				DEBUG_INFORMATION_FORMAT = dwarf;
				ENABLE_STRICT_OBJC_MSGSEND = YES;
				ENABLE_TESTABILITY = YES;
				GCC_C_LANGUAGE_STANDARD = gnu99;
				GCC_DYNAMIC_NO_PIC = NO;
				GCC_NO_COMMON_BLOCKS = YES;
				GCC_OPTIMIZATION_LEVEL = 0;
				GCC_PREPROCESSOR_DEFINITIONS = (
					"DEBUG=1",
					"$(inherited)",
				);
				GCC_WARN_64_TO_32_BIT_CONVERSION = YES;
				GCC_WARN_ABOUT_RETURN_TYPE = YES_ERROR;
				GCC_WARN_UNDECLARED_SELECTOR = YES;
				GCC_WARN_UNINITIALIZED_AUTOS = YES_AGGRESSIVE;
				GCC_WARN_UNUSED_FUNCTION = YES;
				GCC_WARN_UNUSED_VARIABLE = YES;
				IPHONEOS_DEPLOYMENT_TARGET = 8.0;
				MTL_ENABLE_DEBUG_INFO = YES;
				ONLY_ACTIVE_ARCH = YES;
				SDKROOT = iphoneos;
			};
			name = Debug;
		};
		E120E42F1D431E9B002DBC7E /* Release */ = {
			isa = XCBuildConfiguration;
			buildSettings = {
				ALWAYS_SEARCH_USER_PATHS = NO;
				CLANG_ANALYZER_NONNULL = YES;
				CLANG_CXX_LANGUAGE_STANDARD = "gnu++0x";
				CLANG_CXX_LIBRARY = "libc++";
				CLANG_ENABLE_MODULES = YES;
				CLANG_ENABLE_OBJC_ARC = YES;
				CLANG_WARN_BLOCK_CAPTURE_AUTORELEASING = YES;
				CLANG_WARN_BOOL_CONVERSION = YES;
				CLANG_WARN_COMMA = YES;
				CLANG_WARN_CONSTANT_CONVERSION = YES;
				CLANG_WARN_DIRECT_OBJC_ISA_USAGE = YES_ERROR;
				CLANG_WARN_EMPTY_BODY = YES;
				CLANG_WARN_ENUM_CONVERSION = YES;
				CLANG_WARN_INFINITE_RECURSION = YES;
				CLANG_WARN_INT_CONVERSION = YES;
				CLANG_WARN_NON_LITERAL_NULL_CONVERSION = YES;
				CLANG_WARN_OBJC_LITERAL_CONVERSION = YES;
				CLANG_WARN_OBJC_ROOT_CLASS = YES_ERROR;
				CLANG_WARN_RANGE_LOOP_ANALYSIS = YES;
				CLANG_WARN_STRICT_PROTOTYPES = YES;
				CLANG_WARN_SUSPICIOUS_MOVE = YES;
				CLANG_WARN_UNREACHABLE_CODE = YES;
				CLANG_WARN__DUPLICATE_METHOD_MATCH = YES;
				CODE_SIGN_IDENTITY = "iPhone Developer";
				"CODE_SIGN_IDENTITY[sdk=iphoneos*]" = "iPhone Developer";
				COPY_PHASE_STRIP = NO;
				DEBUG_INFORMATION_FORMAT = "dwarf-with-dsym";
				ENABLE_NS_ASSERTIONS = NO;
				ENABLE_STRICT_OBJC_MSGSEND = YES;
				GCC_C_LANGUAGE_STANDARD = gnu99;
				GCC_NO_COMMON_BLOCKS = YES;
				GCC_WARN_64_TO_32_BIT_CONVERSION = YES;
				GCC_WARN_ABOUT_RETURN_TYPE = YES_ERROR;
				GCC_WARN_UNDECLARED_SELECTOR = YES;
				GCC_WARN_UNINITIALIZED_AUTOS = YES_AGGRESSIVE;
				GCC_WARN_UNUSED_FUNCTION = YES;
				GCC_WARN_UNUSED_VARIABLE = YES;
				IPHONEOS_DEPLOYMENT_TARGET = 8.0;
				MTL_ENABLE_DEBUG_INFO = NO;
				SDKROOT = iphoneos;
				VALIDATE_PRODUCT = YES;
			};
			name = Release;
		};
		E120E4311D431E9B002DBC7E /* Debug */ = {
			isa = XCBuildConfiguration;
			baseConfigurationReference = 15C05F16B9AA0D95A6AE2EAA /* Pods-CocoaPods-NHS.debug.xcconfig */;
			buildSettings = {
				ASSETCATALOG_COMPILER_APPICON_NAME = AppIcon;
				CODE_SIGN_IDENTITY = "iPhone Developer";
				"CODE_SIGN_IDENTITY[sdk=iphoneos*]" = "iPhone Developer";
				DEVELOPMENT_TEAM = 84KR86PUS3;
				FRAMEWORK_SEARCH_PATHS = (
					"$(inherited)",
					"$(PROJECT_DIR)",
				);
				INFOPLIST_FILE = NHS/Info.plist;
				IPHONEOS_DEPLOYMENT_TARGET = 8.0;
				LD_RUNPATH_SEARCH_PATHS = "$(inherited) @executable_path/Frameworks";
				PRODUCT_BUNDLE_IDENTIFIER = com.edu.nus.nhs2;
				PRODUCT_NAME = "$(TARGET_NAME)";
				PROVISIONING_PROFILE_SPECIFIER = "";
				SWIFT_VERSION = 2.3;
				TARGETED_DEVICE_FAMILY = "1,2";
			};
			name = Debug;
		};
		E120E4321D431E9B002DBC7E /* Release */ = {
			isa = XCBuildConfiguration;
			baseConfigurationReference = 32CF155AD7EB396F62BB8DC1 /* Pods-CocoaPods-NHS.release.xcconfig */;
			buildSettings = {
				ASSETCATALOG_COMPILER_APPICON_NAME = AppIcon;
				CODE_SIGN_IDENTITY = "iPhone Developer";
				"CODE_SIGN_IDENTITY[sdk=iphoneos*]" = "iPhone Developer";
				DEVELOPMENT_TEAM = 84KR86PUS3;
				FRAMEWORK_SEARCH_PATHS = (
					"$(inherited)",
					"$(PROJECT_DIR)",
				);
				INFOPLIST_FILE = NHS/Info.plist;
				IPHONEOS_DEPLOYMENT_TARGET = 8.0;
				LD_RUNPATH_SEARCH_PATHS = "$(inherited) @executable_path/Frameworks";
				PRODUCT_BUNDLE_IDENTIFIER = com.edu.nus.nhs2;
				PRODUCT_NAME = "$(TARGET_NAME)";
				PROVISIONING_PROFILE_SPECIFIER = "";
				SWIFT_VERSION = 2.3;
				TARGETED_DEVICE_FAMILY = "1,2";
			};
			name = Release;
		};
		E120E4341D431E9B002DBC7E /* Debug */ = {
			isa = XCBuildConfiguration;
			baseConfigurationReference = 46E041C7C0BB3C7FF9496A21 /* Pods-NHSTests.debug.xcconfig */;
			buildSettings = {
				BUNDLE_LOADER = "$(TEST_HOST)";
				INFOPLIST_FILE = NHSTests/Info.plist;
				LD_RUNPATH_SEARCH_PATHS = "$(inherited) @executable_path/Frameworks @loader_path/Frameworks";
				PRODUCT_BUNDLE_IDENTIFIER = NUS.NHSTests;
				PRODUCT_NAME = "$(TARGET_NAME)";
				TEST_HOST = "$(BUILT_PRODUCTS_DIR)/NHS.app/NHS";
			};
			name = Debug;
		};
		E120E4351D431E9B002DBC7E /* Release */ = {
			isa = XCBuildConfiguration;
			baseConfigurationReference = 3D3B5270F7652DCD47BE1008 /* Pods-NHSTests.release.xcconfig */;
			buildSettings = {
				BUNDLE_LOADER = "$(TEST_HOST)";
				INFOPLIST_FILE = NHSTests/Info.plist;
				LD_RUNPATH_SEARCH_PATHS = "$(inherited) @executable_path/Frameworks @loader_path/Frameworks";
				PRODUCT_BUNDLE_IDENTIFIER = NUS.NHSTests;
				PRODUCT_NAME = "$(TARGET_NAME)";
				TEST_HOST = "$(BUILT_PRODUCTS_DIR)/NHS.app/NHS";
			};
			name = Release;
		};
		E120E4371D431E9B002DBC7E /* Debug */ = {
			isa = XCBuildConfiguration;
			baseConfigurationReference = 4D09CFA97E8A9CD583C600DF /* Pods-NHSUITests.debug.xcconfig */;
			buildSettings = {
				INFOPLIST_FILE = NHSUITests/Info.plist;
				LD_RUNPATH_SEARCH_PATHS = "$(inherited) @executable_path/Frameworks @loader_path/Frameworks";
				PRODUCT_BUNDLE_IDENTIFIER = NUS.NHSUITests;
				PRODUCT_NAME = "$(TARGET_NAME)";
				TEST_TARGET_NAME = NHS;
			};
			name = Debug;
		};
		E120E4381D431E9B002DBC7E /* Release */ = {
			isa = XCBuildConfiguration;
			baseConfigurationReference = D4C8AA7ED6BECF1390F4A15E /* Pods-NHSUITests.release.xcconfig */;
			buildSettings = {
				INFOPLIST_FILE = NHSUITests/Info.plist;
				LD_RUNPATH_SEARCH_PATHS = "$(inherited) @executable_path/Frameworks @loader_path/Frameworks";
				PRODUCT_BUNDLE_IDENTIFIER = NUS.NHSUITests;
				PRODUCT_NAME = "$(TARGET_NAME)";
				TEST_TARGET_NAME = NHS;
			};
			name = Release;
		};
/* End XCBuildConfiguration section */

/* Begin XCConfigurationList section */
		E120E3FE1D431E9A002DBC7E /* Build configuration list for PBXProject "NHS" */ = {
			isa = XCConfigurationList;
			buildConfigurations = (
				E120E42E1D431E9B002DBC7E /* Debug */,
				E120E42F1D431E9B002DBC7E /* Release */,
			);
			defaultConfigurationIsVisible = 0;
			defaultConfigurationName = Release;
		};
		E120E4301D431E9B002DBC7E /* Build configuration list for PBXNativeTarget "NHS" */ = {
			isa = XCConfigurationList;
			buildConfigurations = (
				E120E4311D431E9B002DBC7E /* Debug */,
				E120E4321D431E9B002DBC7E /* Release */,
			);
			defaultConfigurationIsVisible = 0;
			defaultConfigurationName = Release;
		};
		E120E4331D431E9B002DBC7E /* Build configuration list for PBXNativeTarget "NHSTests" */ = {
			isa = XCConfigurationList;
			buildConfigurations = (
				E120E4341D431E9B002DBC7E /* Debug */,
				E120E4351D431E9B002DBC7E /* Release */,
			);
			defaultConfigurationIsVisible = 0;
			defaultConfigurationName = Release;
		};
		E120E4361D431E9B002DBC7E /* Build configuration list for PBXNativeTarget "NHSUITests" */ = {
			isa = XCConfigurationList;
			buildConfigurations = (
				E120E4371D431E9B002DBC7E /* Debug */,
				E120E4381D431E9B002DBC7E /* Release */,
			);
			defaultConfigurationIsVisible = 0;
			defaultConfigurationName = Release;
		};
/* End XCConfigurationList section */
	};
	rootObject = E120E3FB1D431E9A002DBC7E /* Project object */;
}
