// !$*UTF8*$!
{
	archiveVersion = 1;
	classes = {
	};
	objectVersion = 46;
	objects = {

/* Begin PBXBuildFile section */
		45E30D748D4D9DB15E36E079 /* Pods_CocoaPods_NHS.framework in Frameworks */ = {isa = PBXBuildFile; fileRef = BBF146E69B77C3775C935F8C /* Pods_CocoaPods_NHS.framework */; };
		7178DCB2261E43BF5671CFA5 /* Pods_NHSTests.framework in Frameworks */ = {isa = PBXBuildFile; fileRef = 645A46836680739EAF744E2F /* Pods_NHSTests.framework */; };
		C3C2F30AA2C4B174444C3807 /* Pods_NHSUITests.framework in Frameworks */ = {isa = PBXBuildFile; fileRef = 209345AB6DD8B9F1E078D209 /* Pods_NHSUITests.framework */; };
		E120E4081D431E9B002DBC7E /* main.m in Sources */ = {isa = PBXBuildFile; fileRef = E120E4071D431E9B002DBC7E /* main.m */; };
		E120E40B1D431E9B002DBC7E /* AppDelegate.m in Sources */ = {isa = PBXBuildFile; fileRef = E120E40A1D431E9B002DBC7E /* AppDelegate.m */; };
		E120E4111D431E9B002DBC7E /* Main.storyboard in Resources */ = {isa = PBXBuildFile; fileRef = E120E40F1D431E9B002DBC7E /* Main.storyboard */; };
		E120E4131D431E9B002DBC7E /* Assets.xcassets in Resources */ = {isa = PBXBuildFile; fileRef = E120E4121D431E9B002DBC7E /* Assets.xcassets */; };
		E120E4161D431E9B002DBC7E /* LaunchScreen.storyboard in Resources */ = {isa = PBXBuildFile; fileRef = E120E4141D431E9B002DBC7E /* LaunchScreen.storyboard */; };
		E120E4211D431E9B002DBC7E /* NHSTests.m in Sources */ = {isa = PBXBuildFile; fileRef = E120E4201D431E9B002DBC7E /* NHSTests.m */; };
		E120E42C1D431E9B002DBC7E /* NHSUITests.m in Sources */ = {isa = PBXBuildFile; fileRef = E120E42B1D431E9B002DBC7E /* NHSUITests.m */; };
		E1334EE21D432B5800A43539 /* Login.json in Resources */ = {isa = PBXBuildFile; fileRef = E1334EDF1D432B5800A43539 /* Login.json */; };
		E1334EE31D432B5800A43539 /* Pre-registration.json in Resources */ = {isa = PBXBuildFile; fileRef = E1334EE01D432B5800A43539 /* Pre-registration.json */; };
		E1334EE41D432B5800A43539 /* Screening JSON in Resources */ = {isa = PBXBuildFile; fileRef = E1334EE11D432B5800A43539 /* Screening JSON */; };
		E1334EE71D432CAA00A43539 /* PreRegistrationViewController.m in Sources */ = {isa = PBXBuildFile; fileRef = E1334EE61D432CAA00A43539 /* PreRegistrationViewController.m */; };
		E1A987441D4327FE005FC83D /* Assets in Resources */ = {isa = PBXBuildFile; fileRef = E1A9873A1D4327FE005FC83D /* Assets */; };
		E1A987451D4327FE005FC83D /* Basic-ObjC in Resources */ = {isa = PBXBuildFile; fileRef = E1A9873B1D4327FE005FC83D /* Basic-ObjC */; };
		E1A987461D4327FE005FC83D /* Basic-Swift in Resources */ = {isa = PBXBuildFile; fileRef = E1A9873C1D4327FE005FC83D /* Basic-Swift */; };
		E1A987471D4327FE005FC83D /* CustomField in Resources */ = {isa = PBXBuildFile; fileRef = E1A9873D1D4327FE005FC83D /* CustomField */; };
		E1A987481D4327FE005FC83D /* Images in Resources */ = {isa = PBXBuildFile; fileRef = E1A9873E1D4327FE005FC83D /* Images */; };
		E1A987491D4327FE005FC83D /* iPhone-Storyboard in Resources */ = {isa = PBXBuildFile; fileRef = E1A9873F1D4327FE005FC83D /* iPhone-Storyboard */; };
		E1A9874A1D4327FE005FC83D /* LoginDemo in Resources */ = {isa = PBXBuildFile; fileRef = E1A987401D4327FE005FC83D /* LoginDemo */; };
		E1A9874B1D4327FE005FC83D /* ModalForm in Resources */ = {isa = PBXBuildFile; fileRef = E1A987411D4327FE005FC83D /* ModalForm */; };
		E1A9874C1D4327FE005FC83D /* Payment in Resources */ = {isa = PBXBuildFile; fileRef = E1A987421D4327FE005FC83D /* Payment */; };
		E1A9874D1D4327FE005FC83D /* Source in Resources */ = {isa = PBXBuildFile; fileRef = E1A987431D4327FE005FC83D /* Source */; };
/* End PBXBuildFile section */

/* Begin PBXContainerItemProxy section */
		E120E41D1D431E9B002DBC7E /* PBXContainerItemProxy */ = {
			isa = PBXContainerItemProxy;
			containerPortal = E120E3FB1D431E9A002DBC7E /* Project object */;
			proxyType = 1;
			remoteGlobalIDString = E120E4021D431E9A002DBC7E;
			remoteInfo = NHS;
		};
		E120E4281D431E9B002DBC7E /* PBXContainerItemProxy */ = {
			isa = PBXContainerItemProxy;
			containerPortal = E120E3FB1D431E9A002DBC7E /* Project object */;
			proxyType = 1;
			remoteGlobalIDString = E120E4021D431E9A002DBC7E;
			remoteInfo = NHS;
		};
/* End PBXContainerItemProxy section */

/* Begin PBXFileReference section */
		15C05F16B9AA0D95A6AE2EAA /* Pods-CocoaPods-NHS.debug.xcconfig */ = {isa = PBXFileReference; includeInIndex = 1; lastKnownFileType = text.xcconfig; name = "Pods-CocoaPods-NHS.debug.xcconfig"; path = "Pods/Target Support Files/Pods-CocoaPods-NHS/Pods-CocoaPods-NHS.debug.xcconfig"; sourceTree = "<group>"; };
		209345AB6DD8B9F1E078D209 /* Pods_NHSUITests.framework */ = {isa = PBXFileReference; explicitFileType = wrapper.framework; includeInIndex = 0; path = Pods_NHSUITests.framework; sourceTree = BUILT_PRODUCTS_DIR; };
		32CF155AD7EB396F62BB8DC1 /* Pods-CocoaPods-NHS.release.xcconfig */ = {isa = PBXFileReference; includeInIndex = 1; lastKnownFileType = text.xcconfig; name = "Pods-CocoaPods-NHS.release.xcconfig"; path = "Pods/Target Support Files/Pods-CocoaPods-NHS/Pods-CocoaPods-NHS.release.xcconfig"; sourceTree = "<group>"; };
		3D3B5270F7652DCD47BE1008 /* Pods-NHSTests.release.xcconfig */ = {isa = PBXFileReference; includeInIndex = 1; lastKnownFileType = text.xcconfig; name = "Pods-NHSTests.release.xcconfig"; path = "Pods/Target Support Files/Pods-NHSTests/Pods-NHSTests.release.xcconfig"; sourceTree = "<group>"; };
		46E041C7C0BB3C7FF9496A21 /* Pods-NHSTests.debug.xcconfig */ = {isa = PBXFileReference; includeInIndex = 1; lastKnownFileType = text.xcconfig; name = "Pods-NHSTests.debug.xcconfig"; path = "Pods/Target Support Files/Pods-NHSTests/Pods-NHSTests.debug.xcconfig"; sourceTree = "<group>"; };
		4D09CFA97E8A9CD583C600DF /* Pods-NHSUITests.debug.xcconfig */ = {isa = PBXFileReference; includeInIndex = 1; lastKnownFileType = text.xcconfig; name = "Pods-NHSUITests.debug.xcconfig"; path = "Pods/Target Support Files/Pods-NHSUITests/Pods-NHSUITests.debug.xcconfig"; sourceTree = "<group>"; };
		645A46836680739EAF744E2F /* Pods_NHSTests.framework */ = {isa = PBXFileReference; explicitFileType = wrapper.framework; includeInIndex = 0; path = Pods_NHSTests.framework; sourceTree = BUILT_PRODUCTS_DIR; };
		BBF146E69B77C3775C935F8C /* Pods_CocoaPods_NHS.framework */ = {isa = PBXFileReference; explicitFileType = wrapper.framework; includeInIndex = 0; path = Pods_CocoaPods_NHS.framework; sourceTree = BUILT_PRODUCTS_DIR; };
		D4C8AA7ED6BECF1390F4A15E /* Pods-NHSUITests.release.xcconfig */ = {isa = PBXFileReference; includeInIndex = 1; lastKnownFileType = text.xcconfig; name = "Pods-NHSUITests.release.xcconfig"; path = "Pods/Target Support Files/Pods-NHSUITests/Pods-NHSUITests.release.xcconfig"; sourceTree = "<group>"; };
		E120E4031D431E9A002DBC7E /* NHS.app */ = {isa = PBXFileReference; explicitFileType = wrapper.application; includeInIndex = 0; path = NHS.app; sourceTree = BUILT_PRODUCTS_DIR; };
		E120E4071D431E9B002DBC7E /* main.m */ = {isa = PBXFileReference; lastKnownFileType = sourcecode.c.objc; path = main.m; sourceTree = "<group>"; };
		E120E4091D431E9B002DBC7E /* AppDelegate.h */ = {isa = PBXFileReference; lastKnownFileType = sourcecode.c.h; path = AppDelegate.h; sourceTree = "<group>"; };
		E120E40A1D431E9B002DBC7E /* AppDelegate.m */ = {isa = PBXFileReference; lastKnownFileType = sourcecode.c.objc; path = AppDelegate.m; sourceTree = "<group>"; };
		E120E4101D431E9B002DBC7E /* Base */ = {isa = PBXFileReference; lastKnownFileType = file.storyboard; name = Base; path = Base.lproj/Main.storyboard; sourceTree = "<group>"; };
		E120E4121D431E9B002DBC7E /* Assets.xcassets */ = {isa = PBXFileReference; lastKnownFileType = folder.assetcatalog; path = Assets.xcassets; sourceTree = "<group>"; };
		E120E4151D431E9B002DBC7E /* Base */ = {isa = PBXFileReference; lastKnownFileType = file.storyboard; name = Base; path = Base.lproj/LaunchScreen.storyboard; sourceTree = "<group>"; };
		E120E4171D431E9B002DBC7E /* Info.plist */ = {isa = PBXFileReference; lastKnownFileType = text.plist.xml; path = Info.plist; sourceTree = "<group>"; };
		E120E41C1D431E9B002DBC7E /* NHSTests.xctest */ = {isa = PBXFileReference; explicitFileType = wrapper.cfbundle; includeInIndex = 0; path = NHSTests.xctest; sourceTree = BUILT_PRODUCTS_DIR; };
		E120E4201D431E9B002DBC7E /* NHSTests.m */ = {isa = PBXFileReference; lastKnownFileType = sourcecode.c.objc; path = NHSTests.m; sourceTree = "<group>"; };
		E120E4221D431E9B002DBC7E /* Info.plist */ = {isa = PBXFileReference; lastKnownFileType = text.plist.xml; path = Info.plist; sourceTree = "<group>"; };
		E120E4271D431E9B002DBC7E /* NHSUITests.xctest */ = {isa = PBXFileReference; explicitFileType = wrapper.cfbundle; includeInIndex = 0; path = NHSUITests.xctest; sourceTree = BUILT_PRODUCTS_DIR; };
		E120E42B1D431E9B002DBC7E /* NHSUITests.m */ = {isa = PBXFileReference; lastKnownFileType = sourcecode.c.objc; path = NHSUITests.m; sourceTree = "<group>"; };
		E120E42D1D431E9B002DBC7E /* Info.plist */ = {isa = PBXFileReference; lastKnownFileType = text.plist.xml; path = Info.plist; sourceTree = "<group>"; };
		E1334EDF1D432B5800A43539 /* Login.json */ = {isa = PBXFileReference; fileEncoding = 4; lastKnownFileType = text.json; path = Login.json; sourceTree = "<group>"; };
		E1334EE01D432B5800A43539 /* Pre-registration.json */ = {isa = PBXFileReference; fileEncoding = 4; lastKnownFileType = text.json; path = "Pre-registration.json"; sourceTree = "<group>"; };
		E1334EE11D432B5800A43539 /* Screening JSON */ = {isa = PBXFileReference; lastKnownFileType = folder; path = "Screening JSON"; sourceTree = "<group>"; };
		E1334EE51D432CAA00A43539 /* PreRegistrationViewController.h */ = {isa = PBXFileReference; fileEncoding = 4; lastKnownFileType = sourcecode.c.h; path = PreRegistrationViewController.h; sourceTree = "<group>"; };
		E1334EE61D432CAA00A43539 /* PreRegistrationViewController.m */ = {isa = PBXFileReference; fileEncoding = 4; lastKnownFileType = sourcecode.c.objc; path = PreRegistrationViewController.m; sourceTree = "<group>"; };
		E1A9873A1D4327FE005FC83D /* Assets */ = {isa = PBXFileReference; lastKnownFileType = folder; path = Assets; sourceTree = "<group>"; };
		E1A9873B1D4327FE005FC83D /* Basic-ObjC */ = {isa = PBXFileReference; lastKnownFileType = folder; path = "Basic-ObjC"; sourceTree = "<group>"; };
		E1A9873C1D4327FE005FC83D /* Basic-Swift */ = {isa = PBXFileReference; lastKnownFileType = folder; path = "Basic-Swift"; sourceTree = "<group>"; };
		E1A9873D1D4327FE005FC83D /* CustomField */ = {isa = PBXFileReference; lastKnownFileType = folder; path = CustomField; sourceTree = "<group>"; };
		E1A9873E1D4327FE005FC83D /* Images */ = {isa = PBXFileReference; lastKnownFileType = folder; path = Images; sourceTree = "<group>"; };
		E1A9873F1D4327FE005FC83D /* iPhone-Storyboard */ = {isa = PBXFileReference; lastKnownFileType = folder; path = "iPhone-Storyboard"; sourceTree = "<group>"; };
		E1A987401D4327FE005FC83D /* LoginDemo */ = {isa = PBXFileReference; lastKnownFileType = folder; path = LoginDemo; sourceTree = "<group>"; };
		E1A987411D4327FE005FC83D /* ModalForm */ = {isa = PBXFileReference; lastKnownFileType = folder; path = ModalForm; sourceTree = "<group>"; };
		E1A987421D4327FE005FC83D /* Payment */ = {isa = PBXFileReference; lastKnownFileType = folder; path = Payment; sourceTree = "<group>"; };
		E1A987431D4327FE005FC83D /* Source */ = {isa = PBXFileReference; lastKnownFileType = folder; path = Source; sourceTree = "<group>"; };
/* End PBXFileReference section */

/* Begin PBXFrameworksBuildPhase section */
		E120E4001D431E9A002DBC7E /* Frameworks */ = {
			isa = PBXFrameworksBuildPhase;
			buildActionMask = 2147483647;
			files = (
				45E30D748D4D9DB15E36E079 /* Pods_CocoaPods_NHS.framework in Frameworks */,
			);
			runOnlyForDeploymentPostprocessing = 0;
		};
		E120E4191D431E9B002DBC7E /* Frameworks */ = {
			isa = PBXFrameworksBuildPhase;
			buildActionMask = 2147483647;
			files = (
				7178DCB2261E43BF5671CFA5 /* Pods_NHSTests.framework in Frameworks */,
			);
			runOnlyForDeploymentPostprocessing = 0;
		};
		E120E4241D431E9B002DBC7E /* Frameworks */ = {
			isa = PBXFrameworksBuildPhase;
			buildActionMask = 2147483647;
			files = (
				C3C2F30AA2C4B174444C3807 /* Pods_NHSUITests.framework in Frameworks */,
			);
			runOnlyForDeploymentPostprocessing = 0;
		};
/* End PBXFrameworksBuildPhase section */

/* Begin PBXGroup section */
		D2341D3E54ED753361BC20FE /* Pods */ = {
			isa = PBXGroup;
			children = (
				15C05F16B9AA0D95A6AE2EAA /* Pods-CocoaPods-NHS.debug.xcconfig */,
				32CF155AD7EB396F62BB8DC1 /* Pods-CocoaPods-NHS.release.xcconfig */,
				46E041C7C0BB3C7FF9496A21 /* Pods-NHSTests.debug.xcconfig */,
				3D3B5270F7652DCD47BE1008 /* Pods-NHSTests.release.xcconfig */,
				4D09CFA97E8A9CD583C600DF /* Pods-NHSUITests.debug.xcconfig */,
				D4C8AA7ED6BECF1390F4A15E /* Pods-NHSUITests.release.xcconfig */,
			);
			name = Pods;
			sourceTree = "<group>";
		};
		DE085EC8EB60C609DC0B563E /* Frameworks */ = {
			isa = PBXGroup;
			children = (
				BBF146E69B77C3775C935F8C /* Pods_CocoaPods_NHS.framework */,
				645A46836680739EAF744E2F /* Pods_NHSTests.framework */,
				209345AB6DD8B9F1E078D209 /* Pods_NHSUITests.framework */,
			);
			name = Frameworks;
			sourceTree = "<group>";
		};
		E120E3FA1D431E9A002DBC7E = {
			isa = PBXGroup;
			children = (
				E1A9873A1D4327FE005FC83D /* Assets */,
				E1A9873B1D4327FE005FC83D /* Basic-ObjC */,
				E1A9873C1D4327FE005FC83D /* Basic-Swift */,
				E1A9873D1D4327FE005FC83D /* CustomField */,
				E1A9873E1D4327FE005FC83D /* Images */,
				E1A9873F1D4327FE005FC83D /* iPhone-Storyboard */,
				E1A987401D4327FE005FC83D /* LoginDemo */,
				E1A987411D4327FE005FC83D /* ModalForm */,
				E1A987421D4327FE005FC83D /* Payment */,
				E1A987431D4327FE005FC83D /* Source */,
				E120E4051D431E9B002DBC7E /* NHS */,
				E120E41F1D431E9B002DBC7E /* NHSTests */,
				E120E42A1D431E9B002DBC7E /* NHSUITests */,
				E120E4041D431E9A002DBC7E /* Products */,
				D2341D3E54ED753361BC20FE /* Pods */,
				DE085EC8EB60C609DC0B563E /* Frameworks */,
			);
			sourceTree = "<group>";
		};
		E120E4041D431E9A002DBC7E /* Products */ = {
			isa = PBXGroup;
			children = (
				E120E4031D431E9A002DBC7E /* NHS.app */,
				E120E41C1D431E9B002DBC7E /* NHSTests.xctest */,
				E120E4271D431E9B002DBC7E /* NHSUITests.xctest */,
			);
			name = Products;
			sourceTree = "<group>";
		};
		E120E4051D431E9B002DBC7E /* NHS */ = {
			isa = PBXGroup;
			children = (
				E1334EDF1D432B5800A43539 /* Login.json */,
				E1334EE01D432B5800A43539 /* Pre-registration.json */,
				E1334EE11D432B5800A43539 /* Screening JSON */,
				E120E4091D431E9B002DBC7E /* AppDelegate.h */,
				E120E40A1D431E9B002DBC7E /* AppDelegate.m */,
				E1334EE51D432CAA00A43539 /* PreRegistrationViewController.h */,
				E1334EE61D432CAA00A43539 /* PreRegistrationViewController.m */,
				E120E40F1D431E9B002DBC7E /* Main.storyboard */,
				E120E4121D431E9B002DBC7E /* Assets.xcassets */,
				E120E4141D431E9B002DBC7E /* LaunchScreen.storyboard */,
				E120E4171D431E9B002DBC7E /* Info.plist */,
				E120E4061D431E9B002DBC7E /* Supporting Files */,
			);
			path = NHS;
			sourceTree = "<group>";
		};
		E120E4061D431E9B002DBC7E /* Supporting Files */ = {
			isa = PBXGroup;
			children = (
				E120E4071D431E9B002DBC7E /* main.m */,
			);
			name = "Supporting Files";
			sourceTree = "<group>";
		};
		E120E41F1D431E9B002DBC7E /* NHSTests */ = {
			isa = PBXGroup;
			children = (
				E120E4201D431E9B002DBC7E /* NHSTests.m */,
				E120E4221D431E9B002DBC7E /* Info.plist */,
			);
			path = NHSTests;
			sourceTree = "<group>";
		};
		E120E42A1D431E9B002DBC7E /* NHSUITests */ = {
			isa = PBXGroup;
			children = (
				E120E42B1D431E9B002DBC7E /* NHSUITests.m */,
				E120E42D1D431E9B002DBC7E /* Info.plist */,
			);
			path = NHSUITests;
			sourceTree = "<group>";
		};
/* End PBXGroup section */

/* Begin PBXNativeTarget section */
		E120E4021D431E9A002DBC7E /* NHS */ = {
			isa = PBXNativeTarget;
			buildConfigurationList = E120E4301D431E9B002DBC7E /* Build configuration list for PBXNativeTarget "NHS" */;
			buildPhases = (
				FF8776DD202AC1025F115A16 /* [CP] Check Pods Manifest.lock */,
				E120E3FF1D431E9A002DBC7E /* Sources */,
				E120E4001D431E9A002DBC7E /* Frameworks */,
				E120E4011D431E9A002DBC7E /* Resources */,
				34FB291B9709B014537CA544 /* [CP] Embed Pods Frameworks */,
				69A14B7E4C7E0E5BE0060ACD /* [CP] Copy Pods Resources */,
			);
			buildRules = (
			);
			dependencies = (
			);
			name = NHS;
			productName = NHS;
			productReference = E120E4031D431E9A002DBC7E /* NHS.app */;
			productType = "com.apple.product-type.application";
		};
		E120E41B1D431E9B002DBC7E /* NHSTests */ = {
			isa = PBXNativeTarget;
			buildConfigurationList = E120E4331D431E9B002DBC7E /* Build configuration list for PBXNativeTarget "NHSTests" */;
			buildPhases = (
				C64346FC03DF682991B066D2 /* [CP] Check Pods Manifest.lock */,
				E120E4181D431E9B002DBC7E /* Sources */,
				E120E4191D431E9B002DBC7E /* Frameworks */,
				E120E41A1D431E9B002DBC7E /* Resources */,
				A0FA16B6E04ECA701B3C0F7A /* [CP] Embed Pods Frameworks */,
				E19509DE9462D1D8BF1BCD00 /* [CP] Copy Pods Resources */,
			);
			buildRules = (
			);
			dependencies = (
				E120E41E1D431E9B002DBC7E /* PBXTargetDependency */,
			);
			name = NHSTests;
			productName = NHSTests;
			productReference = E120E41C1D431E9B002DBC7E /* NHSTests.xctest */;
			productType = "com.apple.product-type.bundle.unit-test";
		};
		E120E4261D431E9B002DBC7E /* NHSUITests */ = {
			isa = PBXNativeTarget;
			buildConfigurationList = E120E4361D431E9B002DBC7E /* Build configuration list for PBXNativeTarget "NHSUITests" */;
			buildPhases = (
				19372F93748DFE5AE03EF15E /* [CP] Check Pods Manifest.lock */,
				E120E4231D431E9B002DBC7E /* Sources */,
				E120E4241D431E9B002DBC7E /* Frameworks */,
				E120E4251D431E9B002DBC7E /* Resources */,
				BADE51B934F98F53819FD555 /* [CP] Copy Pods Resources */,
			);
			buildRules = (
			);
			dependencies = (
				E120E4291D431E9B002DBC7E /* PBXTargetDependency */,
			);
			name = NHSUITests;
			productName = NHSUITests;
			productReference = E120E4271D431E9B002DBC7E /* NHSUITests.xctest */;
			productType = "com.apple.product-type.bundle.ui-testing";
		};
/* End PBXNativeTarget section */

/* Begin PBXProject section */
		E120E3FB1D431E9A002DBC7E /* Project object */ = {
			isa = PBXProject;
			attributes = {
				LastUpgradeCheck = 0730;
				ORGANIZATIONNAME = NUS;
				TargetAttributes = {
					E120E4021D431E9A002DBC7E = {
						CreatedOnToolsVersion = 7.3.1;
						DevelopmentTeam = MWF73R64GS;
					};
					E120E41B1D431E9B002DBC7E = {
						CreatedOnToolsVersion = 7.3.1;
						TestTargetID = E120E4021D431E9A002DBC7E;
					};
					E120E4261D431E9B002DBC7E = {
						CreatedOnToolsVersion = 7.3.1;
						TestTargetID = E120E4021D431E9A002DBC7E;
					};
				};
			};
			buildConfigurationList = E120E3FE1D431E9A002DBC7E /* Build configuration list for PBXProject "NHS" */;
			compatibilityVersion = "Xcode 3.2";
			developmentRegion = English;
			hasScannedForEncodings = 0;
			knownRegions = (
				en,
				Base,
			);
			mainGroup = E120E3FA1D431E9A002DBC7E;
			productRefGroup = E120E4041D431E9A002DBC7E /* Products */;
			projectDirPath = "";
			projectRoot = "";
			targets = (
				E120E4021D431E9A002DBC7E /* NHS */,
				E120E41B1D431E9B002DBC7E /* NHSTests */,
				E120E4261D431E9B002DBC7E /* NHSUITests */,
			);
		};
/* End PBXProject section */

/* Begin PBXResourcesBuildPhase section */
		E120E4011D431E9A002DBC7E /* Resources */ = {
			isa = PBXResourcesBuildPhase;
			buildActionMask = 2147483647;
			files = (
				E1A9874D1D4327FE005FC83D /* Source in Resources */,
				E120E4161D431E9B002DBC7E /* LaunchScreen.storyboard in Resources */,
				E1A987441D4327FE005FC83D /* Assets in Resources */,
				E1A987471D4327FE005FC83D /* CustomField in Resources */,
				E1A987451D4327FE005FC83D /* Basic-ObjC in Resources */,
				E1A987481D4327FE005FC83D /* Images in Resources */,
				E1334EE41D432B5800A43539 /* Screening JSON in Resources */,
				E1A987491D4327FE005FC83D /* iPhone-Storyboard in Resources */,
				E1A9874B1D4327FE005FC83D /* ModalForm in Resources */,
				E120E4131D431E9B002DBC7E /* Assets.xcassets in Resources */,
				E1334EE21D432B5800A43539 /* Login.json in Resources */,
				E1A9874A1D4327FE005FC83D /* LoginDemo in Resources */,
				E1A9874C1D4327FE005FC83D /* Payment in Resources */,
				E1334EE31D432B5800A43539 /* Pre-registration.json in Resources */,
				E120E4111D431E9B002DBC7E /* Main.storyboard in Resources */,
				E1A987461D4327FE005FC83D /* Basic-Swift in Resources */,
			);
			runOnlyForDeploymentPostprocessing = 0;
		};
		E120E41A1D431E9B002DBC7E /* Resources */ = {
			isa = PBXResourcesBuildPhase;
			buildActionMask = 2147483647;
			files = (
			);
			runOnlyForDeploymentPostprocessing = 0;
		};
		E120E4251D431E9B002DBC7E /* Resources */ = {
			isa = PBXResourcesBuildPhase;
			buildActionMask = 2147483647;
			files = (
			);
			runOnlyForDeploymentPostprocessing = 0;
		};
/* End PBXResourcesBuildPhase section */

/* Begin PBXShellScriptBuildPhase section */
		19372F93748DFE5AE03EF15E /* [CP] Check Pods Manifest.lock */ = {
			isa = PBXShellScriptBuildPhase;
			buildActionMask = 2147483647;
			files = (
			);
			inputPaths = (
			);
			name = "[CP] Check Pods Manifest.lock";
			outputPaths = (
			);
			runOnlyForDeploymentPostprocessing = 0;
			shellPath = /bin/sh;
			shellScript = "diff \"${PODS_ROOT}/../Podfile.lock\" \"${PODS_ROOT}/Manifest.lock\" > /dev/null\nif [[ $? != 0 ]] ; then\n    cat << EOM\nerror: The sandbox is not in sync with the Podfile.lock. Run 'pod install' or update your CocoaPods installation.\nEOM\n    exit 1\nfi\n";
			showEnvVarsInLog = 0;
		};
		34FB291B9709B014537CA544 /* [CP] Embed Pods Frameworks */ = {
			isa = PBXShellScriptBuildPhase;
			buildActionMask = 2147483647;
			files = (
			);
			inputPaths = (
			);
			name = "[CP] Embed Pods Frameworks";
			outputPaths = (
			);
			runOnlyForDeploymentPostprocessing = 0;
			shellPath = /bin/sh;
			shellScript = "\"${SRCROOT}/Pods/Target Support Files/Pods-CocoaPods-NHS/Pods-CocoaPods-NHS-frameworks.sh\"\n";
			showEnvVarsInLog = 0;
		};
		69A14B7E4C7E0E5BE0060ACD /* [CP] Copy Pods Resources */ = {
			isa = PBXShellScriptBuildPhase;
			buildActionMask = 2147483647;
			files = (
			);
			inputPaths = (
			);
			name = "[CP] Copy Pods Resources";
			outputPaths = (
			);
			runOnlyForDeploymentPostprocessing = 0;
			shellPath = /bin/sh;
			shellScript = "\"${SRCROOT}/Pods/Target Support Files/Pods-CocoaPods-NHS/Pods-CocoaPods-NHS-resources.sh\"\n";
			showEnvVarsInLog = 0;
		};
		A0FA16B6E04ECA701B3C0F7A /* [CP] Embed Pods Frameworks */ = {
			isa = PBXShellScriptBuildPhase;
			buildActionMask = 2147483647;
			files = (
			);
			inputPaths = (
			);
			name = "[CP] Embed Pods Frameworks";
			outputPaths = (
			);
			runOnlyForDeploymentPostprocessing = 0;
			shellPath = /bin/sh;
			shellScript = "\"${SRCROOT}/Pods/Target Support Files/Pods-NHSTests/Pods-NHSTests-frameworks.sh\"\n";
			showEnvVarsInLog = 0;
		};
		BADE51B934F98F53819FD555 /* [CP] Copy Pods Resources */ = {
			isa = PBXShellScriptBuildPhase;
			buildActionMask = 2147483647;
			files = (
			);
			inputPaths = (
			);
			name = "[CP] Copy Pods Resources";
			outputPaths = (
			);
			runOnlyForDeploymentPostprocessing = 0;
			shellPath = /bin/sh;
			shellScript = "\"${SRCROOT}/Pods/Target Support Files/Pods-NHSUITests/Pods-NHSUITests-resources.sh\"\n";
			showEnvVarsInLog = 0;
		};
		C64346FC03DF682991B066D2 /* [CP] Check Pods Manifest.lock */ = {
			isa = PBXShellScriptBuildPhase;
			buildActionMask = 2147483647;
			files = (
			);
			inputPaths = (
			);
			name = "[CP] Check Pods Manifest.lock";
			outputPaths = (
			);
			runOnlyForDeploymentPostprocessing = 0;
			shellPath = /bin/sh;
			shellScript = "diff \"${PODS_ROOT}/../Podfile.lock\" \"${PODS_ROOT}/Manifest.lock\" > /dev/null\nif [[ $? != 0 ]] ; then\n    cat << EOM\nerror: The sandbox is not in sync with the Podfile.lock. Run 'pod install' or update your CocoaPods installation.\nEOM\n    exit 1\nfi\n";
			showEnvVarsInLog = 0;
		};
		E19509DE9462D1D8BF1BCD00 /* [CP] Copy Pods Resources */ = {
			isa = PBXShellScriptBuildPhase;
			buildActionMask = 2147483647;
			files = (
			);
			inputPaths = (
			);
			name = "[CP] Copy Pods Resources";
			outputPaths = (
			);
			runOnlyForDeploymentPostprocessing = 0;
			shellPath = /bin/sh;
			shellScript = "\"${SRCROOT}/Pods/Target Support Files/Pods-NHSTests/Pods-NHSTests-resources.sh\"\n";
			showEnvVarsInLog = 0;
		};
		FF8776DD202AC1025F115A16 /* [CP] Check Pods Manifest.lock */ = {
			isa = PBXShellScriptBuildPhase;
			buildActionMask = 2147483647;
			files = (
			);
			inputPaths = (
			);
			name = "[CP] Check Pods Manifest.lock";
			outputPaths = (
			);
			runOnlyForDeploymentPostprocessing = 0;
			shellPath = /bin/sh;
			shellScript = "diff \"${PODS_ROOT}/../Podfile.lock\" \"${PODS_ROOT}/Manifest.lock\" > /dev/null\nif [[ $? != 0 ]] ; then\n    cat << EOM\nerror: The sandbox is not in sync with the Podfile.lock. Run 'pod install' or update your CocoaPods installation.\nEOM\n    exit 1\nfi\n";
			showEnvVarsInLog = 0;
		};
/* End PBXShellScriptBuildPhase section */

/* Begin PBXSourcesBuildPhase section */
		E120E3FF1D431E9A002DBC7E /* Sources */ = {
			isa = PBXSourcesBuildPhase;
			buildActionMask = 2147483647;
			files = (
				E120E40B1D431E9B002DBC7E /* AppDelegate.m in Sources */,
				E120E4081D431E9B002DBC7E /* main.m in Sources */,
				E1334EE71D432CAA00A43539 /* PreRegistrationViewController.m in Sources */,
			);
			runOnlyForDeploymentPostprocessing = 0;
		};
		E120E4181D431E9B002DBC7E /* Sources */ = {
			isa = PBXSourcesBuildPhase;
			buildActionMask = 2147483647;
			files = (
				E120E4211D431E9B002DBC7E /* NHSTests.m in Sources */,
			);
			runOnlyForDeploymentPostprocessing = 0;
		};
		E120E4231D431E9B002DBC7E /* Sources */ = {
			isa = PBXSourcesBuildPhase;
			buildActionMask = 2147483647;
			files = (
				E120E42C1D431E9B002DBC7E /* NHSUITests.m in Sources */,
			);
			runOnlyForDeploymentPostprocessing = 0;
		};
/* End PBXSourcesBuildPhase section */

/* Begin PBXTargetDependency section */
		E120E41E1D431E9B002DBC7E /* PBXTargetDependency */ = {
			isa = PBXTargetDependency;
			target = E120E4021D431E9A002DBC7E /* NHS */;
			targetProxy = E120E41D1D431E9B002DBC7E /* PBXContainerItemProxy */;
		};
		E120E4291D431E9B002DBC7E /* PBXTargetDependency */ = {
			isa = PBXTargetDependency;
			target = E120E4021D431E9A002DBC7E /* NHS */;
			targetProxy = E120E4281D431E9B002DBC7E /* PBXContainerItemProxy */;
		};
/* End PBXTargetDependency section */

/* Begin PBXVariantGroup section */
		E120E40F1D431E9B002DBC7E /* Main.storyboard */ = {
			isa = PBXVariantGroup;
			children = (
				E120E4101D431E9B002DBC7E /* Base */,
			);
			name = Main.storyboard;
			sourceTree = "<group>";
		};
		E120E4141D431E9B002DBC7E /* LaunchScreen.storyboard */ = {
			isa = PBXVariantGroup;
			children = (
				E120E4151D431E9B002DBC7E /* Base */,
			);
			name = LaunchScreen.storyboard;
			sourceTree = "<group>";
		};
/* End PBXVariantGroup section */

/* Begin XCBuildConfiguration section */
		E120E42E1D431E9B002DBC7E /* Debug */ = {
			isa = XCBuildConfiguration;
			buildSettings = {
				ALWAYS_SEARCH_USER_PATHS = NO;
				CLANG_ANALYZER_NONNULL = YES;
				CLANG_CXX_LANGUAGE_STANDARD = "gnu++0x";
				CLANG_CXX_LIBRARY = "libc++";
				CLANG_ENABLE_MODULES = YES;
				CLANG_ENABLE_OBJC_ARC = YES;
				CLANG_WARN_BOOL_CONVERSION = YES;
				CLANG_WARN_CONSTANT_CONVERSION = YES;
				CLANG_WARN_DIRECT_OBJC_ISA_USAGE = YES_ERROR;
				CLANG_WARN_EMPTY_BODY = YES;
				CLANG_WARN_ENUM_CONVERSION = YES;
				CLANG_WARN_INT_CONVERSION = YES;
				CLANG_WARN_OBJC_ROOT_CLASS = YES_ERROR;
				CLANG_WARN_UNREACHABLE_CODE = YES;
				CLANG_WARN__DUPLICATE_METHOD_MATCH = YES;
				"CODE_SIGN_IDENTITY[sdk=iphoneos*]" = "iPhone Developer";
				COPY_PHASE_STRIP = NO;
				DEBUG_INFORMATION_FORMAT = dwarf;
				ENABLE_STRICT_OBJC_MSGSEND = YES;
				ENABLE_TESTABILITY = YES;
				GCC_C_LANGUAGE_STANDARD = gnu99;
				GCC_DYNAMIC_NO_PIC = NO;
				GCC_NO_COMMON_BLOCKS = YES;
				GCC_OPTIMIZATION_LEVEL = 0;
				GCC_PREPROCESSOR_DEFINITIONS = (
					"DEBUG=1",
					"$(inherited)",
				);
				GCC_WARN_64_TO_32_BIT_CONVERSION = YES;
				GCC_WARN_ABOUT_RETURN_TYPE = YES_ERROR;
				GCC_WARN_UNDECLARED_SELECTOR = YES;
				GCC_WARN_UNINITIALIZED_AUTOS = YES_AGGRESSIVE;
				GCC_WARN_UNUSED_FUNCTION = YES;
				GCC_WARN_UNUSED_VARIABLE = YES;
				IPHONEOS_DEPLOYMENT_TARGET = 9.3;
				MTL_ENABLE_DEBUG_INFO = YES;
				ONLY_ACTIVE_ARCH = YES;
				SDKROOT = iphoneos;
			};
			name = Debug;
		};
		E120E42F1D431E9B002DBC7E /* Release */ = {
			isa = XCBuildConfiguration;
			buildSettings = {
				ALWAYS_SEARCH_USER_PATHS = NO;
				CLANG_ANALYZER_NONNULL = YES;
				CLANG_CXX_LANGUAGE_STANDARD = "gnu++0x";
				CLANG_CXX_LIBRARY = "libc++";
				CLANG_ENABLE_MODULES = YES;
				CLANG_ENABLE_OBJC_ARC = YES;
				CLANG_WARN_BOOL_CONVERSION = YES;
				CLANG_WARN_CONSTANT_CONVERSION = YES;
				CLANG_WARN_DIRECT_OBJC_ISA_USAGE = YES_ERROR;
				CLANG_WARN_EMPTY_BODY = YES;
				CLANG_WARN_ENUM_CONVERSION = YES;
				CLANG_WARN_INT_CONVERSION = YES;
				CLANG_WARN_OBJC_ROOT_CLASS = YES_ERROR;
				CLANG_WARN_UNREACHABLE_CODE = YES;
				CLANG_WARN__DUPLICATE_METHOD_MATCH = YES;
				"CODE_SIGN_IDENTITY[sdk=iphoneos*]" = "iPhone Developer";
				COPY_PHASE_STRIP = NO;
				DEBUG_INFORMATION_FORMAT = "dwarf-with-dsym";
				ENABLE_NS_ASSERTIONS = NO;
				ENABLE_STRICT_OBJC_MSGSEND = YES;
				GCC_C_LANGUAGE_STANDARD = gnu99;
				GCC_NO_COMMON_BLOCKS = YES;
				GCC_WARN_64_TO_32_BIT_CONVERSION = YES;
				GCC_WARN_ABOUT_RETURN_TYPE = YES_ERROR;
				GCC_WARN_UNDECLARED_SELECTOR = YES;
				GCC_WARN_UNINITIALIZED_AUTOS = YES_AGGRESSIVE;
				GCC_WARN_UNUSED_FUNCTION = YES;
				GCC_WARN_UNUSED_VARIABLE = YES;
				IPHONEOS_DEPLOYMENT_TARGET = 9.3;
				MTL_ENABLE_DEBUG_INFO = NO;
				SDKROOT = iphoneos;
				VALIDATE_PRODUCT = YES;
			};
			name = Release;
		};
		E120E4311D431E9B002DBC7E /* Debug */ = {
			isa = XCBuildConfiguration;
			baseConfigurationReference = 15C05F16B9AA0D95A6AE2EAA /* Pods-CocoaPods-NHS.debug.xcconfig */;
			buildSettings = {
				ASSETCATALOG_COMPILER_APPICON_NAME = AppIcon;
				CODE_SIGN_IDENTITY = "iPhone Developer";
				INFOPLIST_FILE = NHS/Info.plist;
				LD_RUNPATH_SEARCH_PATHS = "$(inherited) @executable_path/Frameworks";
				PRODUCT_BUNDLE_IDENTIFIER = NUS.NHS;
				PRODUCT_NAME = "$(TARGET_NAME)";
			};
			name = Debug;
		};
		E120E4321D431E9B002DBC7E /* Release */ = {
			isa = XCBuildConfiguration;
			baseConfigurationReference = 32CF155AD7EB396F62BB8DC1 /* Pods-CocoaPods-NHS.release.xcconfig */;
			buildSettings = {
				ASSETCATALOG_COMPILER_APPICON_NAME = AppIcon;
				CODE_SIGN_IDENTITY = "iPhone Developer";
				INFOPLIST_FILE = NHS/Info.plist;
				LD_RUNPATH_SEARCH_PATHS = "$(inherited) @executable_path/Frameworks";
				PRODUCT_BUNDLE_IDENTIFIER = NUS.NHS;
				PRODUCT_NAME = "$(TARGET_NAME)";
			};
			name = Release;
		};
		E120E4341D431E9B002DBC7E /* Debug */ = {
			isa = XCBuildConfiguration;
			baseConfigurationReference = 46E041C7C0BB3C7FF9496A21 /* Pods-NHSTests.debug.xcconfig */;
			buildSettings = {
				BUNDLE_LOADER = "$(TEST_HOST)";
				INFOPLIST_FILE = NHSTests/Info.plist;
				LD_RUNPATH_SEARCH_PATHS = "$(inherited) @executable_path/Frameworks @loader_path/Frameworks";
				PRODUCT_BUNDLE_IDENTIFIER = NUS.NHSTests;
				PRODUCT_NAME = "$(TARGET_NAME)";
				TEST_HOST = "$(BUILT_PRODUCTS_DIR)/NHS.app/NHS";
			};
			name = Debug;
		};
		E120E4351D431E9B002DBC7E /* Release */ = {
			isa = XCBuildConfiguration;
			baseConfigurationReference = 3D3B5270F7652DCD47BE1008 /* Pods-NHSTests.release.xcconfig */;
			buildSettings = {
				BUNDLE_LOADER = "$(TEST_HOST)";
				INFOPLIST_FILE = NHSTests/Info.plist;
				LD_RUNPATH_SEARCH_PATHS = "$(inherited) @executable_path/Frameworks @loader_path/Frameworks";
				PRODUCT_BUNDLE_IDENTIFIER = NUS.NHSTests;
				PRODUCT_NAME = "$(TARGET_NAME)";
				TEST_HOST = "$(BUILT_PRODUCTS_DIR)/NHS.app/NHS";
			};
			name = Release;
		};
		E120E4371D431E9B002DBC7E /* Debug */ = {
			isa = XCBuildConfiguration;
			baseConfigurationReference = 4D09CFA97E8A9CD583C600DF /* Pods-NHSUITests.debug.xcconfig */;
			buildSettings = {
				INFOPLIST_FILE = NHSUITests/Info.plist;
				LD_RUNPATH_SEARCH_PATHS = "$(inherited) @executable_path/Frameworks @loader_path/Frameworks";
				PRODUCT_BUNDLE_IDENTIFIER = NUS.NHSUITests;
				PRODUCT_NAME = "$(TARGET_NAME)";
				TEST_TARGET_NAME = NHS;
			};
			name = Debug;
		};
		E120E4381D431E9B002DBC7E /* Release */ = {
			isa = XCBuildConfiguration;
			baseConfigurationReference = D4C8AA7ED6BECF1390F4A15E /* Pods-NHSUITests.release.xcconfig */;
			buildSettings = {
				INFOPLIST_FILE = NHSUITests/Info.plist;
				LD_RUNPATH_SEARCH_PATHS = "$(inherited) @executable_path/Frameworks @loader_path/Frameworks";
				PRODUCT_BUNDLE_IDENTIFIER = NUS.NHSUITests;
				PRODUCT_NAME = "$(TARGET_NAME)";
				TEST_TARGET_NAME = NHS;
			};
			name = Release;
		};
/* End XCBuildConfiguration section */

/* Begin XCConfigurationList section */
		E120E3FE1D431E9A002DBC7E /* Build configuration list for PBXProject "NHS" */ = {
			isa = XCConfigurationList;
			buildConfigurations = (
				E120E42E1D431E9B002DBC7E /* Debug */,
				E120E42F1D431E9B002DBC7E /* Release */,
			);
			defaultConfigurationIsVisible = 0;
			defaultConfigurationName = Release;
		};
		E120E4301D431E9B002DBC7E /* Build configuration list for PBXNativeTarget "NHS" */ = {
			isa = XCConfigurationList;
			buildConfigurations = (
				E120E4311D431E9B002DBC7E /* Debug */,
				E120E4321D431E9B002DBC7E /* Release */,
			);
			defaultConfigurationIsVisible = 0;
			defaultConfigurationName = Release;
		};
		E120E4331D431E9B002DBC7E /* Build configuration list for PBXNativeTarget "NHSTests" */ = {
			isa = XCConfigurationList;
			buildConfigurations = (
				E120E4341D431E9B002DBC7E /* Debug */,
				E120E4351D431E9B002DBC7E /* Release */,
			);
			defaultConfigurationIsVisible = 0;
			defaultConfigurationName = Release;
		};
		E120E4361D431E9B002DBC7E /* Build configuration list for PBXNativeTarget "NHSUITests" */ = {
			isa = XCConfigurationList;
			buildConfigurations = (
				E120E4371D431E9B002DBC7E /* Debug */,
				E120E4381D431E9B002DBC7E /* Release */,
			);
			defaultConfigurationIsVisible = 0;
			defaultConfigurationName = Release;
		};
/* End XCConfigurationList section */
	};
	rootObject = E120E3FB1D431E9A002DBC7E /* Project object */;
}
